// !$*UTF8*$!
{
	archiveVersion = 1;
	classes = {
	};
	objectVersion = 46;
	objects = {

/* Begin PBXBuildFile section */
		32B84C17141234EF00B4BD02 /* QuartzCore.framework in Frameworks */ = {isa = PBXBuildFile; fileRef = 32B84C16141234EF00B4BD02 /* QuartzCore.framework */; };
		32B84C19141234EF00B4BD02 /* OpenGLES.framework in Frameworks */ = {isa = PBXBuildFile; fileRef = 32B84C18141234EF00B4BD02 /* OpenGLES.framework */; };
		32B84C1B141234EF00B4BD02 /* OpenAL.framework in Frameworks */ = {isa = PBXBuildFile; fileRef = 32B84C1A141234EF00B4BD02 /* OpenAL.framework */; };
		32B84C1D141234EF00B4BD02 /* AudioToolbox.framework in Frameworks */ = {isa = PBXBuildFile; fileRef = 32B84C1C141234EF00B4BD02 /* AudioToolbox.framework */; };
		32B84C1F141234EF00B4BD02 /* AVFoundation.framework in Frameworks */ = {isa = PBXBuildFile; fileRef = 32B84C1E141234EF00B4BD02 /* AVFoundation.framework */; };
		32B84C21141234EF00B4BD02 /* UIKit.framework in Frameworks */ = {isa = PBXBuildFile; fileRef = 32B84C20141234EF00B4BD02 /* UIKit.framework */; };
		32B84C23141234EF00B4BD02 /* Foundation.framework in Frameworks */ = {isa = PBXBuildFile; fileRef = 32B84C22141234EF00B4BD02 /* Foundation.framework */; };
		32B84C25141234EF00B4BD02 /* CoreGraphics.framework in Frameworks */ = {isa = PBXBuildFile; fileRef = 32B84C24141234EF00B4BD02 /* CoreGraphics.framework */; };
		32B84C29141234EF00B4BD02 /* Default.png in Resources */ = {isa = PBXBuildFile; fileRef = 32B84C28141234EF00B4BD02 /* Default.png */; };
		32B84C2B141234EF00B4BD02 /* fps_images.png in Resources */ = {isa = PBXBuildFile; fileRef = 32B84C2A141234EF00B4BD02 /* fps_images.png */; };
		32B84C2D141234EF00B4BD02 /* Icon-72.png in Resources */ = {isa = PBXBuildFile; fileRef = 32B84C2C141234EF00B4BD02 /* Icon-72.png */; };
		32B84C2F141234EF00B4BD02 /* Icon-Small-50.png in Resources */ = {isa = PBXBuildFile; fileRef = 32B84C2E141234EF00B4BD02 /* Icon-Small-50.png */; };
		32B84C31141234EF00B4BD02 /* Icon-Small.png in Resources */ = {isa = PBXBuildFile; fileRef = 32B84C30141234EF00B4BD02 /* Icon-Small.png */; };
		32B84C33141234EF00B4BD02 /* Icon-Small@2x.png in Resources */ = {isa = PBXBuildFile; fileRef = 32B84C32141234EF00B4BD02 /* Icon-Small@2x.png */; };
		32B84C35141234EF00B4BD02 /* Icon.png in Resources */ = {isa = PBXBuildFile; fileRef = 32B84C34141234EF00B4BD02 /* Icon.png */; };
		32B84C37141234F000B4BD02 /* Icon@2x.png in Resources */ = {isa = PBXBuildFile; fileRef = 32B84C36141234F000B4BD02 /* Icon@2x.png */; };
		32B84C3A141234F000B4BD02 /* iTunesArtwork in Resources */ = {isa = PBXBuildFile; fileRef = 32B84C39141234F000B4BD02 /* iTunesArtwork */; };
		32B84C3F141234F000B4BD02 /* CCAction.m in Sources */ = {isa = PBXBuildFile; fileRef = 32B84C3E141234F000B4BD02 /* CCAction.m */; };
		32B84C42141234F000B4BD02 /* CCActionCamera.m in Sources */ = {isa = PBXBuildFile; fileRef = 32B84C41141234F000B4BD02 /* CCActionCamera.m */; };
		32B84C45141234F000B4BD02 /* CCActionEase.m in Sources */ = {isa = PBXBuildFile; fileRef = 32B84C44141234F000B4BD02 /* CCActionEase.m */; };
		32B84C48141234F000B4BD02 /* CCActionGrid.m in Sources */ = {isa = PBXBuildFile; fileRef = 32B84C47141234F000B4BD02 /* CCActionGrid.m */; };
		32B84C4B141234F000B4BD02 /* CCActionGrid3D.m in Sources */ = {isa = PBXBuildFile; fileRef = 32B84C4A141234F000B4BD02 /* CCActionGrid3D.m */; };
		32B84C4E141234F000B4BD02 /* CCActionInstant.m in Sources */ = {isa = PBXBuildFile; fileRef = 32B84C4D141234F000B4BD02 /* CCActionInstant.m */; };
		32B84C51141234F000B4BD02 /* CCActionInterval.m in Sources */ = {isa = PBXBuildFile; fileRef = 32B84C50141234F000B4BD02 /* CCActionInterval.m */; };
		32B84C54141234F000B4BD02 /* CCActionManager.m in Sources */ = {isa = PBXBuildFile; fileRef = 32B84C53141234F000B4BD02 /* CCActionManager.m */; };
		32B84C57141234F000B4BD02 /* CCActionPageTurn3D.m in Sources */ = {isa = PBXBuildFile; fileRef = 32B84C56141234F000B4BD02 /* CCActionPageTurn3D.m */; };
		32B84C5A141234F000B4BD02 /* CCActionProgressTimer.m in Sources */ = {isa = PBXBuildFile; fileRef = 32B84C59141234F000B4BD02 /* CCActionProgressTimer.m */; };
		32B84C5D141234F000B4BD02 /* CCActionTiledGrid.m in Sources */ = {isa = PBXBuildFile; fileRef = 32B84C5C141234F000B4BD02 /* CCActionTiledGrid.m */; };
		32B84C60141234F000B4BD02 /* CCActionTween.m in Sources */ = {isa = PBXBuildFile; fileRef = 32B84C5F141234F000B4BD02 /* CCActionTween.m */; };
		32B84C63141234F000B4BD02 /* CCAnimation.m in Sources */ = {isa = PBXBuildFile; fileRef = 32B84C62141234F000B4BD02 /* CCAnimation.m */; };
		32B84C66141234F000B4BD02 /* CCAnimationCache.m in Sources */ = {isa = PBXBuildFile; fileRef = 32B84C65141234F000B4BD02 /* CCAnimationCache.m */; };
		32B84C69141234F000B4BD02 /* CCAtlasNode.m in Sources */ = {isa = PBXBuildFile; fileRef = 32B84C68141234F000B4BD02 /* CCAtlasNode.m */; };
		32B84C6C141234F000B4BD02 /* CCBlockSupport.m in Sources */ = {isa = PBXBuildFile; fileRef = 32B84C6B141234F000B4BD02 /* CCBlockSupport.m */; };
		32B84C6F141234F000B4BD02 /* CCCamera.m in Sources */ = {isa = PBXBuildFile; fileRef = 32B84C6E141234F000B4BD02 /* CCCamera.m */; };
		32B84C73141234F000B4BD02 /* CCConfiguration.m in Sources */ = {isa = PBXBuildFile; fileRef = 32B84C72141234F000B4BD02 /* CCConfiguration.m */; };
		32B84C76141234F000B4BD02 /* CCDirector.m in Sources */ = {isa = PBXBuildFile; fileRef = 32B84C75141234F000B4BD02 /* CCDirector.m */; };
		32B84C79141234F000B4BD02 /* CCDrawingPrimitives.m in Sources */ = {isa = PBXBuildFile; fileRef = 32B84C78141234F000B4BD02 /* CCDrawingPrimitives.m */; };
		32B84C7C141234F000B4BD02 /* CCGrabber.m in Sources */ = {isa = PBXBuildFile; fileRef = 32B84C7B141234F000B4BD02 /* CCGrabber.m */; };
		32B84C7F141234F000B4BD02 /* CCGrid.m in Sources */ = {isa = PBXBuildFile; fileRef = 32B84C7E141234F000B4BD02 /* CCGrid.m */; };
		32B84C82141234F000B4BD02 /* CCLabelAtlas.m in Sources */ = {isa = PBXBuildFile; fileRef = 32B84C81141234F000B4BD02 /* CCLabelAtlas.m */; };
		32B84C85141234F000B4BD02 /* CCLabelBMFont.m in Sources */ = {isa = PBXBuildFile; fileRef = 32B84C84141234F000B4BD02 /* CCLabelBMFont.m */; };
		32B84C88141234F000B4BD02 /* CCLabelTTF.m in Sources */ = {isa = PBXBuildFile; fileRef = 32B84C87141234F000B4BD02 /* CCLabelTTF.m */; };
		32B84C8B141234F000B4BD02 /* CCLayer.m in Sources */ = {isa = PBXBuildFile; fileRef = 32B84C8A141234F000B4BD02 /* CCLayer.m */; };
		32B84C8F141234F000B4BD02 /* CCMenu.m in Sources */ = {isa = PBXBuildFile; fileRef = 32B84C8E141234F000B4BD02 /* CCMenu.m */; };
		32B84C92141234F000B4BD02 /* CCMenuItem.m in Sources */ = {isa = PBXBuildFile; fileRef = 32B84C91141234F000B4BD02 /* CCMenuItem.m */; };
		32B84C95141234F000B4BD02 /* CCMotionStreak.m in Sources */ = {isa = PBXBuildFile; fileRef = 32B84C94141234F000B4BD02 /* CCMotionStreak.m */; };
		32B84C98141234F000B4BD02 /* CCNode.m in Sources */ = {isa = PBXBuildFile; fileRef = 32B84C97141234F000B4BD02 /* CCNode.m */; };
		32B84C9B141234F000B4BD02 /* CCParallaxNode.m in Sources */ = {isa = PBXBuildFile; fileRef = 32B84C9A141234F000B4BD02 /* CCParallaxNode.m */; };
		32B84C9E141234F000B4BD02 /* CCParticleExamples.m in Sources */ = {isa = PBXBuildFile; fileRef = 32B84C9D141234F000B4BD02 /* CCParticleExamples.m */; };
		32B84CA1141234F000B4BD02 /* CCParticleSystem.m in Sources */ = {isa = PBXBuildFile; fileRef = 32B84CA0141234F000B4BD02 /* CCParticleSystem.m */; };
		32B84CA4141234F100B4BD02 /* CCParticleSystemPoint.m in Sources */ = {isa = PBXBuildFile; fileRef = 32B84CA3141234F100B4BD02 /* CCParticleSystemPoint.m */; };
		32B84CA7141234F100B4BD02 /* CCParticleSystemQuad.m in Sources */ = {isa = PBXBuildFile; fileRef = 32B84CA6141234F100B4BD02 /* CCParticleSystemQuad.m */; };
		32B84CAA141234F100B4BD02 /* CCProgressTimer.m in Sources */ = {isa = PBXBuildFile; fileRef = 32B84CA9141234F100B4BD02 /* CCProgressTimer.m */; };
		32B84CAE141234F100B4BD02 /* CCRenderTexture.m in Sources */ = {isa = PBXBuildFile; fileRef = 32B84CAD141234F100B4BD02 /* CCRenderTexture.m */; };
		32B84CB1141234F100B4BD02 /* CCRibbon.m in Sources */ = {isa = PBXBuildFile; fileRef = 32B84CB0141234F100B4BD02 /* CCRibbon.m */; };
		32B84CB4141234F100B4BD02 /* CCScene.m in Sources */ = {isa = PBXBuildFile; fileRef = 32B84CB3141234F100B4BD02 /* CCScene.m */; };
		32B84CB7141234F100B4BD02 /* CCScheduler.m in Sources */ = {isa = PBXBuildFile; fileRef = 32B84CB6141234F100B4BD02 /* CCScheduler.m */; };
		32B84CBA141234F100B4BD02 /* CCSprite.m in Sources */ = {isa = PBXBuildFile; fileRef = 32B84CB9141234F100B4BD02 /* CCSprite.m */; };
		32B84CBD141234F100B4BD02 /* CCSpriteBatchNode.m in Sources */ = {isa = PBXBuildFile; fileRef = 32B84CBC141234F100B4BD02 /* CCSpriteBatchNode.m */; };
		32B84CC0141234F100B4BD02 /* CCSpriteFrame.m in Sources */ = {isa = PBXBuildFile; fileRef = 32B84CBF141234F100B4BD02 /* CCSpriteFrame.m */; };
		32B84CC3141234F100B4BD02 /* CCSpriteFrameCache.m in Sources */ = {isa = PBXBuildFile; fileRef = 32B84CC2141234F100B4BD02 /* CCSpriteFrameCache.m */; };
		32B84CC6141234F100B4BD02 /* CCTexture2D.m in Sources */ = {isa = PBXBuildFile; fileRef = 32B84CC5141234F100B4BD02 /* CCTexture2D.m */; };
		32B84CC9141234F100B4BD02 /* CCTextureAtlas.m in Sources */ = {isa = PBXBuildFile; fileRef = 32B84CC8141234F100B4BD02 /* CCTextureAtlas.m */; };
		32B84CCC141234F100B4BD02 /* CCTextureCache.m in Sources */ = {isa = PBXBuildFile; fileRef = 32B84CCB141234F100B4BD02 /* CCTextureCache.m */; };
		32B84CCF141234F100B4BD02 /* CCTexturePVR.m in Sources */ = {isa = PBXBuildFile; fileRef = 32B84CCE141234F100B4BD02 /* CCTexturePVR.m */; };
		32B84CD2141234F100B4BD02 /* CCTileMapAtlas.m in Sources */ = {isa = PBXBuildFile; fileRef = 32B84CD1141234F100B4BD02 /* CCTileMapAtlas.m */; };
		32B84CD5141234F100B4BD02 /* CCTMXLayer.m in Sources */ = {isa = PBXBuildFile; fileRef = 32B84CD4141234F100B4BD02 /* CCTMXLayer.m */; };
		32B84CD8141234F100B4BD02 /* CCTMXObjectGroup.m in Sources */ = {isa = PBXBuildFile; fileRef = 32B84CD7141234F100B4BD02 /* CCTMXObjectGroup.m */; };
		32B84CDB141234F100B4BD02 /* CCTMXTiledMap.m in Sources */ = {isa = PBXBuildFile; fileRef = 32B84CDA141234F100B4BD02 /* CCTMXTiledMap.m */; };
		32B84CDE141234F100B4BD02 /* CCTMXXMLParser.m in Sources */ = {isa = PBXBuildFile; fileRef = 32B84CDD141234F100B4BD02 /* CCTMXXMLParser.m */; };
		32B84CE1141234F100B4BD02 /* CCTransition.m in Sources */ = {isa = PBXBuildFile; fileRef = 32B84CE0141234F100B4BD02 /* CCTransition.m */; };
		32B84CE4141234F100B4BD02 /* CCTransitionPageTurn.m in Sources */ = {isa = PBXBuildFile; fileRef = 32B84CE3141234F100B4BD02 /* CCTransitionPageTurn.m */; };
		32B84CE7141234F100B4BD02 /* CCTransitionRadial.m in Sources */ = {isa = PBXBuildFile; fileRef = 32B84CE6141234F100B4BD02 /* CCTransitionRadial.m */; };
		32B84CEB141234F100B4BD02 /* cocos2d.m in Sources */ = {isa = PBXBuildFile; fileRef = 32B84CEA141234F100B4BD02 /* cocos2d.m */; };
		32B84CF2141234F100B4BD02 /* CCDirectorIOS.m in Sources */ = {isa = PBXBuildFile; fileRef = 32B84CF1141234F100B4BD02 /* CCDirectorIOS.m */; };
		32B84CF6141234F100B4BD02 /* CCTouchDispatcher.m in Sources */ = {isa = PBXBuildFile; fileRef = 32B84CF5141234F100B4BD02 /* CCTouchDispatcher.m */; };
		32B84CF9141234F100B4BD02 /* CCTouchHandler.m in Sources */ = {isa = PBXBuildFile; fileRef = 32B84CF8141234F100B4BD02 /* CCTouchHandler.m */; };
		32B84CFC141234F100B4BD02 /* EAGLView.m in Sources */ = {isa = PBXBuildFile; fileRef = 32B84CFB141234F100B4BD02 /* EAGLView.m */; };
		32B84CFF141234F100B4BD02 /* ES1Renderer.m in Sources */ = {isa = PBXBuildFile; fileRef = 32B84CFE141234F100B4BD02 /* ES1Renderer.m */; };
		32B84D02141234F100B4BD02 /* glu.c in Sources */ = {isa = PBXBuildFile; fileRef = 32B84D01141234F100B4BD02 /* glu.c */; };
		32B84D07141234F100B4BD02 /* CCDirectorMac.m in Sources */ = {isa = PBXBuildFile; fileRef = 32B84D06141234F100B4BD02 /* CCDirectorMac.m */; };
		32B84D0A141234F100B4BD02 /* CCEventDispatcher.m in Sources */ = {isa = PBXBuildFile; fileRef = 32B84D09141234F100B4BD02 /* CCEventDispatcher.m */; };
		32B84D0D141234F100B4BD02 /* MacGLView.m in Sources */ = {isa = PBXBuildFile; fileRef = 32B84D0C141234F100B4BD02 /* MacGLView.m */; };
		32B84D10141234F100B4BD02 /* MacWindow.m in Sources */ = {isa = PBXBuildFile; fileRef = 32B84D0F141234F100B4BD02 /* MacWindow.m */; };
		32B84D13141234F100B4BD02 /* base64.c in Sources */ = {isa = PBXBuildFile; fileRef = 32B84D12141234F100B4BD02 /* base64.c */; };
		32B84D17141234F100B4BD02 /* CCArray.m in Sources */ = {isa = PBXBuildFile; fileRef = 32B84D16141234F100B4BD02 /* CCArray.m */; };
		32B84D1B141234F100B4BD02 /* CCFileUtils.m in Sources */ = {isa = PBXBuildFile; fileRef = 32B84D1A141234F100B4BD02 /* CCFileUtils.m */; };
		32B84D1E141234F100B4BD02 /* CCProfiling.m in Sources */ = {isa = PBXBuildFile; fileRef = 32B84D1D141234F100B4BD02 /* CCProfiling.m */; };
		32B84D20141234F100B4BD02 /* ccUtils.c in Sources */ = {isa = PBXBuildFile; fileRef = 32B84D1F141234F100B4BD02 /* ccUtils.c */; };
		32B84D24141234F200B4BD02 /* CGPointExtension.m in Sources */ = {isa = PBXBuildFile; fileRef = 32B84D23141234F200B4BD02 /* CGPointExtension.m */; };
		32B84D28141234F200B4BD02 /* TGAlib.m in Sources */ = {isa = PBXBuildFile; fileRef = 32B84D27141234F200B4BD02 /* TGAlib.m */; };
		32B84D2B141234F200B4BD02 /* TransformUtils.m in Sources */ = {isa = PBXBuildFile; fileRef = 32B84D2A141234F200B4BD02 /* TransformUtils.m */; };
		32B84D30141234F200B4BD02 /* ZipUtils.m in Sources */ = {isa = PBXBuildFile; fileRef = 32B84D2F141234F200B4BD02 /* ZipUtils.m */; };
		32B84D35141234F200B4BD02 /* CDAudioManager.m in Sources */ = {isa = PBXBuildFile; fileRef = 32B84D34141234F200B4BD02 /* CDAudioManager.m */; };
		32B84D39141234F200B4BD02 /* CDOpenALSupport.m in Sources */ = {isa = PBXBuildFile; fileRef = 32B84D38141234F200B4BD02 /* CDOpenALSupport.m */; };
		32B84D3C141234F200B4BD02 /* CocosDenshion.m in Sources */ = {isa = PBXBuildFile; fileRef = 32B84D3B141234F200B4BD02 /* CocosDenshion.m */; };
		32B84D3F141234F200B4BD02 /* SimpleAudioEngine.m in Sources */ = {isa = PBXBuildFile; fileRef = 32B84D3E141234F200B4BD02 /* SimpleAudioEngine.m */; };
		32B84D44141234F200B4BD02 /* CLScoreServerPost.m in Sources */ = {isa = PBXBuildFile; fileRef = 32B84D43141234F200B4BD02 /* CLScoreServerPost.m */; };
		32B84D47141234F200B4BD02 /* CLScoreServerRequest.m in Sources */ = {isa = PBXBuildFile; fileRef = 32B84D46141234F200B4BD02 /* CLScoreServerRequest.m */; };
		32B84D4A141234F200B4BD02 /* cocoslive.m in Sources */ = {isa = PBXBuildFile; fileRef = 32B84D49141234F200B4BD02 /* cocoslive.m */; };
		32B84D4F141234F200B4BD02 /* CDataScanner.m in Sources */ = {isa = PBXBuildFile; fileRef = 32B84D4E141234F200B4BD02 /* CDataScanner.m */; };
		32B84D53141234F200B4BD02 /* CDataScanner_Extensions.m in Sources */ = {isa = PBXBuildFile; fileRef = 32B84D52141234F200B4BD02 /* CDataScanner_Extensions.m */; };
		32B84D56141234F200B4BD02 /* NSDictionary_JSONExtensions.m in Sources */ = {isa = PBXBuildFile; fileRef = 32B84D55141234F200B4BD02 /* NSDictionary_JSONExtensions.m */; };
		32B84D5A141234F200B4BD02 /* CJSONDeserializer.m in Sources */ = {isa = PBXBuildFile; fileRef = 32B84D59141234F200B4BD02 /* CJSONDeserializer.m */; };
		32B84D5D141234F200B4BD02 /* CJSONScanner.m in Sources */ = {isa = PBXBuildFile; fileRef = 32B84D5C141234F200B4BD02 /* CJSONScanner.m */; };
		32B84D60141234F200B4BD02 /* CJSONSerializer.m in Sources */ = {isa = PBXBuildFile; fileRef = 32B84D5F141234F200B4BD02 /* CJSONSerializer.m */; };
		32B84D65141234F200B4BD02 /* FontLabel.m in Sources */ = {isa = PBXBuildFile; fileRef = 32B84D64141234F200B4BD02 /* FontLabel.m */; };
		32B84D68141234F200B4BD02 /* FontLabelStringDrawing.m in Sources */ = {isa = PBXBuildFile; fileRef = 32B84D67141234F200B4BD02 /* FontLabelStringDrawing.m */; };
		32B84D6B141234F200B4BD02 /* FontManager.m in Sources */ = {isa = PBXBuildFile; fileRef = 32B84D6A141234F200B4BD02 /* FontManager.m */; };
		32B84D6E141234F200B4BD02 /* ZAttributedString.m in Sources */ = {isa = PBXBuildFile; fileRef = 32B84D6D141234F200B4BD02 /* ZAttributedString.m */; };
		32B84D72141234F200B4BD02 /* ZFont.m in Sources */ = {isa = PBXBuildFile; fileRef = 32B84D71141234F200B4BD02 /* ZFont.m */; };
		32B84D77141234F200B4BD02 /* main.m in Sources */ = {isa = PBXBuildFile; fileRef = 32B84D76141234F200B4BD02 /* main.m */; };
		32B84D7A141234F200B4BD02 /* AppDelegate.m in Sources */ = {isa = PBXBuildFile; fileRef = 32B84D79141234F200B4BD02 /* AppDelegate.m */; };
		32B84D7D141234F200B4BD02 /* RootViewController.m in Sources */ = {isa = PBXBuildFile; fileRef = 32B84D7C141234F200B4BD02 /* RootViewController.m */; };
		32B84D80141234F200B4BD02 /* HelloWorldLayer.m in Sources */ = {isa = PBXBuildFile; fileRef = 32B84D7F141234F200B4BD02 /* HelloWorldLayer.m */; };
		32B84D891412350900B4BD02 /* background1.png in Resources */ = {isa = PBXBuildFile; fileRef = 32B84D871412350900B4BD02 /* background1.png */; };
		32B84D8A1412350900B4BD02 /* background2.png in Resources */ = {isa = PBXBuildFile; fileRef = 32B84D881412350900B4BD02 /* background2.png */; };
		32B84D8F1412352800B4BD02 /* b1.png in Resources */ = {isa = PBXBuildFile; fileRef = 32B84D8B1412352800B4BD02 /* b1.png */; };
		32B84D901412352800B4BD02 /* b2.png in Resources */ = {isa = PBXBuildFile; fileRef = 32B84D8C1412352800B4BD02 /* b2.png */; };
		32B84D911412352800B4BD02 /* f1.png in Resources */ = {isa = PBXBuildFile; fileRef = 32B84D8D1412352800B4BD02 /* f1.png */; };
		32B84D921412352800B4BD02 /* f2.png in Resources */ = {isa = PBXBuildFile; fileRef = 32B84D8E1412352800B4BD02 /* f2.png */; };
/* End PBXBuildFile section */

/* Begin PBXFileReference section */
		32B84C12141234EF00B4BD02 /* ParallaxNoxeEx4.app */ = {isa = PBXFileReference; explicitFileType = wrapper.application; includeInIndex = 0; path = ParallaxNoxeEx4.app; sourceTree = BUILT_PRODUCTS_DIR; };
		32B84C16141234EF00B4BD02 /* QuartzCore.framework */ = {isa = PBXFileReference; lastKnownFileType = wrapper.framework; name = QuartzCore.framework; path = System/Library/Frameworks/QuartzCore.framework; sourceTree = SDKROOT; };
		32B84C18141234EF00B4BD02 /* OpenGLES.framework */ = {isa = PBXFileReference; lastKnownFileType = wrapper.framework; name = OpenGLES.framework; path = System/Library/Frameworks/OpenGLES.framework; sourceTree = SDKROOT; };
		32B84C1A141234EF00B4BD02 /* OpenAL.framework */ = {isa = PBXFileReference; lastKnownFileType = wrapper.framework; name = OpenAL.framework; path = System/Library/Frameworks/OpenAL.framework; sourceTree = SDKROOT; };
		32B84C1C141234EF00B4BD02 /* AudioToolbox.framework */ = {isa = PBXFileReference; lastKnownFileType = wrapper.framework; name = AudioToolbox.framework; path = System/Library/Frameworks/AudioToolbox.framework; sourceTree = SDKROOT; };
		32B84C1E141234EF00B4BD02 /* AVFoundation.framework */ = {isa = PBXFileReference; lastKnownFileType = wrapper.framework; name = AVFoundation.framework; path = System/Library/Frameworks/AVFoundation.framework; sourceTree = SDKROOT; };
		32B84C20141234EF00B4BD02 /* UIKit.framework */ = {isa = PBXFileReference; lastKnownFileType = wrapper.framework; name = UIKit.framework; path = System/Library/Frameworks/UIKit.framework; sourceTree = SDKROOT; };
		32B84C22141234EF00B4BD02 /* Foundation.framework */ = {isa = PBXFileReference; lastKnownFileType = wrapper.framework; name = Foundation.framework; path = System/Library/Frameworks/Foundation.framework; sourceTree = SDKROOT; };
		32B84C24141234EF00B4BD02 /* CoreGraphics.framework */ = {isa = PBXFileReference; lastKnownFileType = wrapper.framework; name = CoreGraphics.framework; path = System/Library/Frameworks/CoreGraphics.framework; sourceTree = SDKROOT; };
		32B84C28141234EF00B4BD02 /* Default.png */ = {isa = PBXFileReference; lastKnownFileType = image.png; name = Default.png; path = Resources/Default.png; sourceTree = "<group>"; };
		32B84C2A141234EF00B4BD02 /* fps_images.png */ = {isa = PBXFileReference; lastKnownFileType = image.png; name = fps_images.png; path = Resources/fps_images.png; sourceTree = "<group>"; };
		32B84C2C141234EF00B4BD02 /* Icon-72.png */ = {isa = PBXFileReference; lastKnownFileType = image.png; name = "Icon-72.png"; path = "Resources/Icon-72.png"; sourceTree = "<group>"; };
		32B84C2E141234EF00B4BD02 /* Icon-Small-50.png */ = {isa = PBXFileReference; lastKnownFileType = image.png; name = "Icon-Small-50.png"; path = "Resources/Icon-Small-50.png"; sourceTree = "<group>"; };
		32B84C30141234EF00B4BD02 /* Icon-Small.png */ = {isa = PBXFileReference; lastKnownFileType = image.png; name = "Icon-Small.png"; path = "Resources/Icon-Small.png"; sourceTree = "<group>"; };
		32B84C32141234EF00B4BD02 /* Icon-Small@2x.png */ = {isa = PBXFileReference; lastKnownFileType = image.png; name = "Icon-Small@2x.png"; path = "Resources/Icon-Small@2x.png"; sourceTree = "<group>"; };
		32B84C34141234EF00B4BD02 /* Icon.png */ = {isa = PBXFileReference; lastKnownFileType = image.png; name = Icon.png; path = Resources/Icon.png; sourceTree = "<group>"; };
		32B84C36141234F000B4BD02 /* Icon@2x.png */ = {isa = PBXFileReference; lastKnownFileType = image.png; name = "Icon@2x.png"; path = "Resources/Icon@2x.png"; sourceTree = "<group>"; };
		32B84C38141234F000B4BD02 /* Info.plist */ = {isa = PBXFileReference; lastKnownFileType = text.plist.xml; name = Info.plist; path = Resources/Info.plist; sourceTree = "<group>"; };
		32B84C39141234F000B4BD02 /* iTunesArtwork */ = {isa = PBXFileReference; lastKnownFileType = file; name = iTunesArtwork; path = Resources/iTunesArtwork; sourceTree = "<group>"; };
		32B84C3D141234F000B4BD02 /* CCAction.h */ = {isa = PBXFileReference; lastKnownFileType = sourcecode.c.h; name = CCAction.h; path = libs/cocos2d/CCAction.h; sourceTree = "<group>"; };
		32B84C3E141234F000B4BD02 /* CCAction.m */ = {isa = PBXFileReference; lastKnownFileType = sourcecode.c.objc; name = CCAction.m; path = libs/cocos2d/CCAction.m; sourceTree = "<group>"; };
		32B84C40141234F000B4BD02 /* CCActionCamera.h */ = {isa = PBXFileReference; lastKnownFileType = sourcecode.c.h; name = CCActionCamera.h; path = libs/cocos2d/CCActionCamera.h; sourceTree = "<group>"; };
		32B84C41141234F000B4BD02 /* CCActionCamera.m */ = {isa = PBXFileReference; lastKnownFileType = sourcecode.c.objc; name = CCActionCamera.m; path = libs/cocos2d/CCActionCamera.m; sourceTree = "<group>"; };
		32B84C43141234F000B4BD02 /* CCActionEase.h */ = {isa = PBXFileReference; lastKnownFileType = sourcecode.c.h; name = CCActionEase.h; path = libs/cocos2d/CCActionEase.h; sourceTree = "<group>"; };
		32B84C44141234F000B4BD02 /* CCActionEase.m */ = {isa = PBXFileReference; lastKnownFileType = sourcecode.c.objc; name = CCActionEase.m; path = libs/cocos2d/CCActionEase.m; sourceTree = "<group>"; };
		32B84C46141234F000B4BD02 /* CCActionGrid.h */ = {isa = PBXFileReference; lastKnownFileType = sourcecode.c.h; name = CCActionGrid.h; path = libs/cocos2d/CCActionGrid.h; sourceTree = "<group>"; };
		32B84C47141234F000B4BD02 /* CCActionGrid.m */ = {isa = PBXFileReference; lastKnownFileType = sourcecode.c.objc; name = CCActionGrid.m; path = libs/cocos2d/CCActionGrid.m; sourceTree = "<group>"; };
		32B84C49141234F000B4BD02 /* CCActionGrid3D.h */ = {isa = PBXFileReference; lastKnownFileType = sourcecode.c.h; name = CCActionGrid3D.h; path = libs/cocos2d/CCActionGrid3D.h; sourceTree = "<group>"; };
		32B84C4A141234F000B4BD02 /* CCActionGrid3D.m */ = {isa = PBXFileReference; lastKnownFileType = sourcecode.c.objc; name = CCActionGrid3D.m; path = libs/cocos2d/CCActionGrid3D.m; sourceTree = "<group>"; };
		32B84C4C141234F000B4BD02 /* CCActionInstant.h */ = {isa = PBXFileReference; lastKnownFileType = sourcecode.c.h; name = CCActionInstant.h; path = libs/cocos2d/CCActionInstant.h; sourceTree = "<group>"; };
		32B84C4D141234F000B4BD02 /* CCActionInstant.m */ = {isa = PBXFileReference; lastKnownFileType = sourcecode.c.objc; name = CCActionInstant.m; path = libs/cocos2d/CCActionInstant.m; sourceTree = "<group>"; };
		32B84C4F141234F000B4BD02 /* CCActionInterval.h */ = {isa = PBXFileReference; lastKnownFileType = sourcecode.c.h; name = CCActionInterval.h; path = libs/cocos2d/CCActionInterval.h; sourceTree = "<group>"; };
		32B84C50141234F000B4BD02 /* CCActionInterval.m */ = {isa = PBXFileReference; lastKnownFileType = sourcecode.c.objc; name = CCActionInterval.m; path = libs/cocos2d/CCActionInterval.m; sourceTree = "<group>"; };
		32B84C52141234F000B4BD02 /* CCActionManager.h */ = {isa = PBXFileReference; lastKnownFileType = sourcecode.c.h; name = CCActionManager.h; path = libs/cocos2d/CCActionManager.h; sourceTree = "<group>"; };
		32B84C53141234F000B4BD02 /* CCActionManager.m */ = {isa = PBXFileReference; lastKnownFileType = sourcecode.c.objc; name = CCActionManager.m; path = libs/cocos2d/CCActionManager.m; sourceTree = "<group>"; };
		32B84C55141234F000B4BD02 /* CCActionPageTurn3D.h */ = {isa = PBXFileReference; lastKnownFileType = sourcecode.c.h; name = CCActionPageTurn3D.h; path = libs/cocos2d/CCActionPageTurn3D.h; sourceTree = "<group>"; };
		32B84C56141234F000B4BD02 /* CCActionPageTurn3D.m */ = {isa = PBXFileReference; lastKnownFileType = sourcecode.c.objc; name = CCActionPageTurn3D.m; path = libs/cocos2d/CCActionPageTurn3D.m; sourceTree = "<group>"; };
		32B84C58141234F000B4BD02 /* CCActionProgressTimer.h */ = {isa = PBXFileReference; lastKnownFileType = sourcecode.c.h; name = CCActionProgressTimer.h; path = libs/cocos2d/CCActionProgressTimer.h; sourceTree = "<group>"; };
		32B84C59141234F000B4BD02 /* CCActionProgressTimer.m */ = {isa = PBXFileReference; lastKnownFileType = sourcecode.c.objc; name = CCActionProgressTimer.m; path = libs/cocos2d/CCActionProgressTimer.m; sourceTree = "<group>"; };
		32B84C5B141234F000B4BD02 /* CCActionTiledGrid.h */ = {isa = PBXFileReference; lastKnownFileType = sourcecode.c.h; name = CCActionTiledGrid.h; path = libs/cocos2d/CCActionTiledGrid.h; sourceTree = "<group>"; };
		32B84C5C141234F000B4BD02 /* CCActionTiledGrid.m */ = {isa = PBXFileReference; lastKnownFileType = sourcecode.c.objc; name = CCActionTiledGrid.m; path = libs/cocos2d/CCActionTiledGrid.m; sourceTree = "<group>"; };
		32B84C5E141234F000B4BD02 /* CCActionTween.h */ = {isa = PBXFileReference; lastKnownFileType = sourcecode.c.h; name = CCActionTween.h; path = libs/cocos2d/CCActionTween.h; sourceTree = "<group>"; };
		32B84C5F141234F000B4BD02 /* CCActionTween.m */ = {isa = PBXFileReference; lastKnownFileType = sourcecode.c.objc; name = CCActionTween.m; path = libs/cocos2d/CCActionTween.m; sourceTree = "<group>"; };
		32B84C61141234F000B4BD02 /* CCAnimation.h */ = {isa = PBXFileReference; lastKnownFileType = sourcecode.c.h; name = CCAnimation.h; path = libs/cocos2d/CCAnimation.h; sourceTree = "<group>"; };
		32B84C62141234F000B4BD02 /* CCAnimation.m */ = {isa = PBXFileReference; lastKnownFileType = sourcecode.c.objc; name = CCAnimation.m; path = libs/cocos2d/CCAnimation.m; sourceTree = "<group>"; };
		32B84C64141234F000B4BD02 /* CCAnimationCache.h */ = {isa = PBXFileReference; lastKnownFileType = sourcecode.c.h; name = CCAnimationCache.h; path = libs/cocos2d/CCAnimationCache.h; sourceTree = "<group>"; };
		32B84C65141234F000B4BD02 /* CCAnimationCache.m */ = {isa = PBXFileReference; lastKnownFileType = sourcecode.c.objc; name = CCAnimationCache.m; path = libs/cocos2d/CCAnimationCache.m; sourceTree = "<group>"; };
		32B84C67141234F000B4BD02 /* CCAtlasNode.h */ = {isa = PBXFileReference; lastKnownFileType = sourcecode.c.h; name = CCAtlasNode.h; path = libs/cocos2d/CCAtlasNode.h; sourceTree = "<group>"; };
		32B84C68141234F000B4BD02 /* CCAtlasNode.m */ = {isa = PBXFileReference; lastKnownFileType = sourcecode.c.objc; name = CCAtlasNode.m; path = libs/cocos2d/CCAtlasNode.m; sourceTree = "<group>"; };
		32B84C6A141234F000B4BD02 /* CCBlockSupport.h */ = {isa = PBXFileReference; lastKnownFileType = sourcecode.c.h; name = CCBlockSupport.h; path = libs/cocos2d/CCBlockSupport.h; sourceTree = "<group>"; };
		32B84C6B141234F000B4BD02 /* CCBlockSupport.m */ = {isa = PBXFileReference; lastKnownFileType = sourcecode.c.objc; name = CCBlockSupport.m; path = libs/cocos2d/CCBlockSupport.m; sourceTree = "<group>"; };
		32B84C6D141234F000B4BD02 /* CCCamera.h */ = {isa = PBXFileReference; lastKnownFileType = sourcecode.c.h; name = CCCamera.h; path = libs/cocos2d/CCCamera.h; sourceTree = "<group>"; };
		32B84C6E141234F000B4BD02 /* CCCamera.m */ = {isa = PBXFileReference; lastKnownFileType = sourcecode.c.objc; name = CCCamera.m; path = libs/cocos2d/CCCamera.m; sourceTree = "<group>"; };
		32B84C70141234F000B4BD02 /* ccConfig.h */ = {isa = PBXFileReference; lastKnownFileType = sourcecode.c.h; name = ccConfig.h; path = libs/cocos2d/ccConfig.h; sourceTree = "<group>"; };
		32B84C71141234F000B4BD02 /* CCConfiguration.h */ = {isa = PBXFileReference; lastKnownFileType = sourcecode.c.h; name = CCConfiguration.h; path = libs/cocos2d/CCConfiguration.h; sourceTree = "<group>"; };
		32B84C72141234F000B4BD02 /* CCConfiguration.m */ = {isa = PBXFileReference; lastKnownFileType = sourcecode.c.objc; name = CCConfiguration.m; path = libs/cocos2d/CCConfiguration.m; sourceTree = "<group>"; };
		32B84C74141234F000B4BD02 /* CCDirector.h */ = {isa = PBXFileReference; lastKnownFileType = sourcecode.c.h; name = CCDirector.h; path = libs/cocos2d/CCDirector.h; sourceTree = "<group>"; };
		32B84C75141234F000B4BD02 /* CCDirector.m */ = {isa = PBXFileReference; lastKnownFileType = sourcecode.c.objc; name = CCDirector.m; path = libs/cocos2d/CCDirector.m; sourceTree = "<group>"; };
		32B84C77141234F000B4BD02 /* CCDrawingPrimitives.h */ = {isa = PBXFileReference; lastKnownFileType = sourcecode.c.h; name = CCDrawingPrimitives.h; path = libs/cocos2d/CCDrawingPrimitives.h; sourceTree = "<group>"; };
		32B84C78141234F000B4BD02 /* CCDrawingPrimitives.m */ = {isa = PBXFileReference; lastKnownFileType = sourcecode.c.objc; name = CCDrawingPrimitives.m; path = libs/cocos2d/CCDrawingPrimitives.m; sourceTree = "<group>"; };
		32B84C7A141234F000B4BD02 /* CCGrabber.h */ = {isa = PBXFileReference; lastKnownFileType = sourcecode.c.h; name = CCGrabber.h; path = libs/cocos2d/CCGrabber.h; sourceTree = "<group>"; };
		32B84C7B141234F000B4BD02 /* CCGrabber.m */ = {isa = PBXFileReference; lastKnownFileType = sourcecode.c.objc; name = CCGrabber.m; path = libs/cocos2d/CCGrabber.m; sourceTree = "<group>"; };
		32B84C7D141234F000B4BD02 /* CCGrid.h */ = {isa = PBXFileReference; lastKnownFileType = sourcecode.c.h; name = CCGrid.h; path = libs/cocos2d/CCGrid.h; sourceTree = "<group>"; };
		32B84C7E141234F000B4BD02 /* CCGrid.m */ = {isa = PBXFileReference; lastKnownFileType = sourcecode.c.objc; name = CCGrid.m; path = libs/cocos2d/CCGrid.m; sourceTree = "<group>"; };
		32B84C80141234F000B4BD02 /* CCLabelAtlas.h */ = {isa = PBXFileReference; lastKnownFileType = sourcecode.c.h; name = CCLabelAtlas.h; path = libs/cocos2d/CCLabelAtlas.h; sourceTree = "<group>"; };
		32B84C81141234F000B4BD02 /* CCLabelAtlas.m */ = {isa = PBXFileReference; lastKnownFileType = sourcecode.c.objc; name = CCLabelAtlas.m; path = libs/cocos2d/CCLabelAtlas.m; sourceTree = "<group>"; };
		32B84C83141234F000B4BD02 /* CCLabelBMFont.h */ = {isa = PBXFileReference; lastKnownFileType = sourcecode.c.h; name = CCLabelBMFont.h; path = libs/cocos2d/CCLabelBMFont.h; sourceTree = "<group>"; };
		32B84C84141234F000B4BD02 /* CCLabelBMFont.m */ = {isa = PBXFileReference; lastKnownFileType = sourcecode.c.objc; name = CCLabelBMFont.m; path = libs/cocos2d/CCLabelBMFont.m; sourceTree = "<group>"; };
		32B84C86141234F000B4BD02 /* CCLabelTTF.h */ = {isa = PBXFileReference; lastKnownFileType = sourcecode.c.h; name = CCLabelTTF.h; path = libs/cocos2d/CCLabelTTF.h; sourceTree = "<group>"; };
		32B84C87141234F000B4BD02 /* CCLabelTTF.m */ = {isa = PBXFileReference; lastKnownFileType = sourcecode.c.objc; name = CCLabelTTF.m; path = libs/cocos2d/CCLabelTTF.m; sourceTree = "<group>"; };
		32B84C89141234F000B4BD02 /* CCLayer.h */ = {isa = PBXFileReference; lastKnownFileType = sourcecode.c.h; name = CCLayer.h; path = libs/cocos2d/CCLayer.h; sourceTree = "<group>"; };
		32B84C8A141234F000B4BD02 /* CCLayer.m */ = {isa = PBXFileReference; lastKnownFileType = sourcecode.c.objc; name = CCLayer.m; path = libs/cocos2d/CCLayer.m; sourceTree = "<group>"; };
		32B84C8C141234F000B4BD02 /* ccMacros.h */ = {isa = PBXFileReference; lastKnownFileType = sourcecode.c.h; name = ccMacros.h; path = libs/cocos2d/ccMacros.h; sourceTree = "<group>"; };
		32B84C8D141234F000B4BD02 /* CCMenu.h */ = {isa = PBXFileReference; lastKnownFileType = sourcecode.c.h; name = CCMenu.h; path = libs/cocos2d/CCMenu.h; sourceTree = "<group>"; };
		32B84C8E141234F000B4BD02 /* CCMenu.m */ = {isa = PBXFileReference; lastKnownFileType = sourcecode.c.objc; name = CCMenu.m; path = libs/cocos2d/CCMenu.m; sourceTree = "<group>"; };
		32B84C90141234F000B4BD02 /* CCMenuItem.h */ = {isa = PBXFileReference; lastKnownFileType = sourcecode.c.h; name = CCMenuItem.h; path = libs/cocos2d/CCMenuItem.h; sourceTree = "<group>"; };
		32B84C91141234F000B4BD02 /* CCMenuItem.m */ = {isa = PBXFileReference; lastKnownFileType = sourcecode.c.objc; name = CCMenuItem.m; path = libs/cocos2d/CCMenuItem.m; sourceTree = "<group>"; };
		32B84C93141234F000B4BD02 /* CCMotionStreak.h */ = {isa = PBXFileReference; lastKnownFileType = sourcecode.c.h; name = CCMotionStreak.h; path = libs/cocos2d/CCMotionStreak.h; sourceTree = "<group>"; };
		32B84C94141234F000B4BD02 /* CCMotionStreak.m */ = {isa = PBXFileReference; lastKnownFileType = sourcecode.c.objc; name = CCMotionStreak.m; path = libs/cocos2d/CCMotionStreak.m; sourceTree = "<group>"; };
		32B84C96141234F000B4BD02 /* CCNode.h */ = {isa = PBXFileReference; lastKnownFileType = sourcecode.c.h; name = CCNode.h; path = libs/cocos2d/CCNode.h; sourceTree = "<group>"; };
		32B84C97141234F000B4BD02 /* CCNode.m */ = {isa = PBXFileReference; lastKnownFileType = sourcecode.c.objc; name = CCNode.m; path = libs/cocos2d/CCNode.m; sourceTree = "<group>"; };
		32B84C99141234F000B4BD02 /* CCParallaxNode.h */ = {isa = PBXFileReference; lastKnownFileType = sourcecode.c.h; name = CCParallaxNode.h; path = libs/cocos2d/CCParallaxNode.h; sourceTree = "<group>"; };
		32B84C9A141234F000B4BD02 /* CCParallaxNode.m */ = {isa = PBXFileReference; lastKnownFileType = sourcecode.c.objc; name = CCParallaxNode.m; path = libs/cocos2d/CCParallaxNode.m; sourceTree = "<group>"; };
		32B84C9C141234F000B4BD02 /* CCParticleExamples.h */ = {isa = PBXFileReference; lastKnownFileType = sourcecode.c.h; name = CCParticleExamples.h; path = libs/cocos2d/CCParticleExamples.h; sourceTree = "<group>"; };
		32B84C9D141234F000B4BD02 /* CCParticleExamples.m */ = {isa = PBXFileReference; lastKnownFileType = sourcecode.c.objc; name = CCParticleExamples.m; path = libs/cocos2d/CCParticleExamples.m; sourceTree = "<group>"; };
		32B84C9F141234F000B4BD02 /* CCParticleSystem.h */ = {isa = PBXFileReference; lastKnownFileType = sourcecode.c.h; name = CCParticleSystem.h; path = libs/cocos2d/CCParticleSystem.h; sourceTree = "<group>"; };
		32B84CA0141234F000B4BD02 /* CCParticleSystem.m */ = {isa = PBXFileReference; lastKnownFileType = sourcecode.c.objc; name = CCParticleSystem.m; path = libs/cocos2d/CCParticleSystem.m; sourceTree = "<group>"; };
		32B84CA2141234F000B4BD02 /* CCParticleSystemPoint.h */ = {isa = PBXFileReference; lastKnownFileType = sourcecode.c.h; name = CCParticleSystemPoint.h; path = libs/cocos2d/CCParticleSystemPoint.h; sourceTree = "<group>"; };
		32B84CA3141234F100B4BD02 /* CCParticleSystemPoint.m */ = {isa = PBXFileReference; lastKnownFileType = sourcecode.c.objc; name = CCParticleSystemPoint.m; path = libs/cocos2d/CCParticleSystemPoint.m; sourceTree = "<group>"; };
		32B84CA5141234F100B4BD02 /* CCParticleSystemQuad.h */ = {isa = PBXFileReference; lastKnownFileType = sourcecode.c.h; name = CCParticleSystemQuad.h; path = libs/cocos2d/CCParticleSystemQuad.h; sourceTree = "<group>"; };
		32B84CA6141234F100B4BD02 /* CCParticleSystemQuad.m */ = {isa = PBXFileReference; lastKnownFileType = sourcecode.c.objc; name = CCParticleSystemQuad.m; path = libs/cocos2d/CCParticleSystemQuad.m; sourceTree = "<group>"; };
		32B84CA8141234F100B4BD02 /* CCProgressTimer.h */ = {isa = PBXFileReference; lastKnownFileType = sourcecode.c.h; name = CCProgressTimer.h; path = libs/cocos2d/CCProgressTimer.h; sourceTree = "<group>"; };
		32B84CA9141234F100B4BD02 /* CCProgressTimer.m */ = {isa = PBXFileReference; lastKnownFileType = sourcecode.c.objc; name = CCProgressTimer.m; path = libs/cocos2d/CCProgressTimer.m; sourceTree = "<group>"; };
		32B84CAB141234F100B4BD02 /* CCProtocols.h */ = {isa = PBXFileReference; lastKnownFileType = sourcecode.c.h; name = CCProtocols.h; path = libs/cocos2d/CCProtocols.h; sourceTree = "<group>"; };
		32B84CAC141234F100B4BD02 /* CCRenderTexture.h */ = {isa = PBXFileReference; lastKnownFileType = sourcecode.c.h; name = CCRenderTexture.h; path = libs/cocos2d/CCRenderTexture.h; sourceTree = "<group>"; };
		32B84CAD141234F100B4BD02 /* CCRenderTexture.m */ = {isa = PBXFileReference; lastKnownFileType = sourcecode.c.objc; name = CCRenderTexture.m; path = libs/cocos2d/CCRenderTexture.m; sourceTree = "<group>"; };
		32B84CAF141234F100B4BD02 /* CCRibbon.h */ = {isa = PBXFileReference; lastKnownFileType = sourcecode.c.h; name = CCRibbon.h; path = libs/cocos2d/CCRibbon.h; sourceTree = "<group>"; };
		32B84CB0141234F100B4BD02 /* CCRibbon.m */ = {isa = PBXFileReference; lastKnownFileType = sourcecode.c.objc; name = CCRibbon.m; path = libs/cocos2d/CCRibbon.m; sourceTree = "<group>"; };
		32B84CB2141234F100B4BD02 /* CCScene.h */ = {isa = PBXFileReference; lastKnownFileType = sourcecode.c.h; name = CCScene.h; path = libs/cocos2d/CCScene.h; sourceTree = "<group>"; };
		32B84CB3141234F100B4BD02 /* CCScene.m */ = {isa = PBXFileReference; lastKnownFileType = sourcecode.c.objc; name = CCScene.m; path = libs/cocos2d/CCScene.m; sourceTree = "<group>"; };
		32B84CB5141234F100B4BD02 /* CCScheduler.h */ = {isa = PBXFileReference; lastKnownFileType = sourcecode.c.h; name = CCScheduler.h; path = libs/cocos2d/CCScheduler.h; sourceTree = "<group>"; };
		32B84CB6141234F100B4BD02 /* CCScheduler.m */ = {isa = PBXFileReference; lastKnownFileType = sourcecode.c.objc; name = CCScheduler.m; path = libs/cocos2d/CCScheduler.m; sourceTree = "<group>"; };
		32B84CB8141234F100B4BD02 /* CCSprite.h */ = {isa = PBXFileReference; lastKnownFileType = sourcecode.c.h; name = CCSprite.h; path = libs/cocos2d/CCSprite.h; sourceTree = "<group>"; };
		32B84CB9141234F100B4BD02 /* CCSprite.m */ = {isa = PBXFileReference; lastKnownFileType = sourcecode.c.objc; name = CCSprite.m; path = libs/cocos2d/CCSprite.m; sourceTree = "<group>"; };
		32B84CBB141234F100B4BD02 /* CCSpriteBatchNode.h */ = {isa = PBXFileReference; lastKnownFileType = sourcecode.c.h; name = CCSpriteBatchNode.h; path = libs/cocos2d/CCSpriteBatchNode.h; sourceTree = "<group>"; };
		32B84CBC141234F100B4BD02 /* CCSpriteBatchNode.m */ = {isa = PBXFileReference; lastKnownFileType = sourcecode.c.objc; name = CCSpriteBatchNode.m; path = libs/cocos2d/CCSpriteBatchNode.m; sourceTree = "<group>"; };
		32B84CBE141234F100B4BD02 /* CCSpriteFrame.h */ = {isa = PBXFileReference; lastKnownFileType = sourcecode.c.h; name = CCSpriteFrame.h; path = libs/cocos2d/CCSpriteFrame.h; sourceTree = "<group>"; };
		32B84CBF141234F100B4BD02 /* CCSpriteFrame.m */ = {isa = PBXFileReference; lastKnownFileType = sourcecode.c.objc; name = CCSpriteFrame.m; path = libs/cocos2d/CCSpriteFrame.m; sourceTree = "<group>"; };
		32B84CC1141234F100B4BD02 /* CCSpriteFrameCache.h */ = {isa = PBXFileReference; lastKnownFileType = sourcecode.c.h; name = CCSpriteFrameCache.h; path = libs/cocos2d/CCSpriteFrameCache.h; sourceTree = "<group>"; };
		32B84CC2141234F100B4BD02 /* CCSpriteFrameCache.m */ = {isa = PBXFileReference; lastKnownFileType = sourcecode.c.objc; name = CCSpriteFrameCache.m; path = libs/cocos2d/CCSpriteFrameCache.m; sourceTree = "<group>"; };
		32B84CC4141234F100B4BD02 /* CCTexture2D.h */ = {isa = PBXFileReference; lastKnownFileType = sourcecode.c.h; name = CCTexture2D.h; path = libs/cocos2d/CCTexture2D.h; sourceTree = "<group>"; };
		32B84CC5141234F100B4BD02 /* CCTexture2D.m */ = {isa = PBXFileReference; lastKnownFileType = sourcecode.c.objc; name = CCTexture2D.m; path = libs/cocos2d/CCTexture2D.m; sourceTree = "<group>"; };
		32B84CC7141234F100B4BD02 /* CCTextureAtlas.h */ = {isa = PBXFileReference; lastKnownFileType = sourcecode.c.h; name = CCTextureAtlas.h; path = libs/cocos2d/CCTextureAtlas.h; sourceTree = "<group>"; };
		32B84CC8141234F100B4BD02 /* CCTextureAtlas.m */ = {isa = PBXFileReference; lastKnownFileType = sourcecode.c.objc; name = CCTextureAtlas.m; path = libs/cocos2d/CCTextureAtlas.m; sourceTree = "<group>"; };
		32B84CCA141234F100B4BD02 /* CCTextureCache.h */ = {isa = PBXFileReference; lastKnownFileType = sourcecode.c.h; name = CCTextureCache.h; path = libs/cocos2d/CCTextureCache.h; sourceTree = "<group>"; };
		32B84CCB141234F100B4BD02 /* CCTextureCache.m */ = {isa = PBXFileReference; lastKnownFileType = sourcecode.c.objc; name = CCTextureCache.m; path = libs/cocos2d/CCTextureCache.m; sourceTree = "<group>"; };
		32B84CCD141234F100B4BD02 /* CCTexturePVR.h */ = {isa = PBXFileReference; lastKnownFileType = sourcecode.c.h; name = CCTexturePVR.h; path = libs/cocos2d/CCTexturePVR.h; sourceTree = "<group>"; };
		32B84CCE141234F100B4BD02 /* CCTexturePVR.m */ = {isa = PBXFileReference; lastKnownFileType = sourcecode.c.objc; name = CCTexturePVR.m; path = libs/cocos2d/CCTexturePVR.m; sourceTree = "<group>"; };
		32B84CD0141234F100B4BD02 /* CCTileMapAtlas.h */ = {isa = PBXFileReference; lastKnownFileType = sourcecode.c.h; name = CCTileMapAtlas.h; path = libs/cocos2d/CCTileMapAtlas.h; sourceTree = "<group>"; };
		32B84CD1141234F100B4BD02 /* CCTileMapAtlas.m */ = {isa = PBXFileReference; lastKnownFileType = sourcecode.c.objc; name = CCTileMapAtlas.m; path = libs/cocos2d/CCTileMapAtlas.m; sourceTree = "<group>"; };
		32B84CD3141234F100B4BD02 /* CCTMXLayer.h */ = {isa = PBXFileReference; lastKnownFileType = sourcecode.c.h; name = CCTMXLayer.h; path = libs/cocos2d/CCTMXLayer.h; sourceTree = "<group>"; };
		32B84CD4141234F100B4BD02 /* CCTMXLayer.m */ = {isa = PBXFileReference; lastKnownFileType = sourcecode.c.objc; name = CCTMXLayer.m; path = libs/cocos2d/CCTMXLayer.m; sourceTree = "<group>"; };
		32B84CD6141234F100B4BD02 /* CCTMXObjectGroup.h */ = {isa = PBXFileReference; lastKnownFileType = sourcecode.c.h; name = CCTMXObjectGroup.h; path = libs/cocos2d/CCTMXObjectGroup.h; sourceTree = "<group>"; };
		32B84CD7141234F100B4BD02 /* CCTMXObjectGroup.m */ = {isa = PBXFileReference; lastKnownFileType = sourcecode.c.objc; name = CCTMXObjectGroup.m; path = libs/cocos2d/CCTMXObjectGroup.m; sourceTree = "<group>"; };
		32B84CD9141234F100B4BD02 /* CCTMXTiledMap.h */ = {isa = PBXFileReference; lastKnownFileType = sourcecode.c.h; name = CCTMXTiledMap.h; path = libs/cocos2d/CCTMXTiledMap.h; sourceTree = "<group>"; };
		32B84CDA141234F100B4BD02 /* CCTMXTiledMap.m */ = {isa = PBXFileReference; lastKnownFileType = sourcecode.c.objc; name = CCTMXTiledMap.m; path = libs/cocos2d/CCTMXTiledMap.m; sourceTree = "<group>"; };
		32B84CDC141234F100B4BD02 /* CCTMXXMLParser.h */ = {isa = PBXFileReference; lastKnownFileType = sourcecode.c.h; name = CCTMXXMLParser.h; path = libs/cocos2d/CCTMXXMLParser.h; sourceTree = "<group>"; };
		32B84CDD141234F100B4BD02 /* CCTMXXMLParser.m */ = {isa = PBXFileReference; lastKnownFileType = sourcecode.c.objc; name = CCTMXXMLParser.m; path = libs/cocos2d/CCTMXXMLParser.m; sourceTree = "<group>"; };
		32B84CDF141234F100B4BD02 /* CCTransition.h */ = {isa = PBXFileReference; lastKnownFileType = sourcecode.c.h; name = CCTransition.h; path = libs/cocos2d/CCTransition.h; sourceTree = "<group>"; };
		32B84CE0141234F100B4BD02 /* CCTransition.m */ = {isa = PBXFileReference; lastKnownFileType = sourcecode.c.objc; name = CCTransition.m; path = libs/cocos2d/CCTransition.m; sourceTree = "<group>"; };
		32B84CE2141234F100B4BD02 /* CCTransitionPageTurn.h */ = {isa = PBXFileReference; lastKnownFileType = sourcecode.c.h; name = CCTransitionPageTurn.h; path = libs/cocos2d/CCTransitionPageTurn.h; sourceTree = "<group>"; };
		32B84CE3141234F100B4BD02 /* CCTransitionPageTurn.m */ = {isa = PBXFileReference; lastKnownFileType = sourcecode.c.objc; name = CCTransitionPageTurn.m; path = libs/cocos2d/CCTransitionPageTurn.m; sourceTree = "<group>"; };
		32B84CE5141234F100B4BD02 /* CCTransitionRadial.h */ = {isa = PBXFileReference; lastKnownFileType = sourcecode.c.h; name = CCTransitionRadial.h; path = libs/cocos2d/CCTransitionRadial.h; sourceTree = "<group>"; };
		32B84CE6141234F100B4BD02 /* CCTransitionRadial.m */ = {isa = PBXFileReference; lastKnownFileType = sourcecode.c.objc; name = CCTransitionRadial.m; path = libs/cocos2d/CCTransitionRadial.m; sourceTree = "<group>"; };
		32B84CE8141234F100B4BD02 /* ccTypes.h */ = {isa = PBXFileReference; lastKnownFileType = sourcecode.c.h; name = ccTypes.h; path = libs/cocos2d/ccTypes.h; sourceTree = "<group>"; };
		32B84CE9141234F100B4BD02 /* cocos2d.h */ = {isa = PBXFileReference; lastKnownFileType = sourcecode.c.h; name = cocos2d.h; path = libs/cocos2d/cocos2d.h; sourceTree = "<group>"; };
		32B84CEA141234F100B4BD02 /* cocos2d.m */ = {isa = PBXFileReference; lastKnownFileType = sourcecode.c.objc; name = cocos2d.m; path = libs/cocos2d/cocos2d.m; sourceTree = "<group>"; };
		32B84CED141234F100B4BD02 /* CCGL.h */ = {isa = PBXFileReference; lastKnownFileType = sourcecode.c.h; name = CCGL.h; path = libs/cocos2d/Platforms/CCGL.h; sourceTree = "<group>"; };
		32B84CEE141234F100B4BD02 /* CCNS.h */ = {isa = PBXFileReference; lastKnownFileType = sourcecode.c.h; name = CCNS.h; path = libs/cocos2d/Platforms/CCNS.h; sourceTree = "<group>"; };
		32B84CF0141234F100B4BD02 /* CCDirectorIOS.h */ = {isa = PBXFileReference; lastKnownFileType = sourcecode.c.h; name = CCDirectorIOS.h; path = libs/cocos2d/Platforms/iOS/CCDirectorIOS.h; sourceTree = "<group>"; };
		32B84CF1141234F100B4BD02 /* CCDirectorIOS.m */ = {isa = PBXFileReference; lastKnownFileType = sourcecode.c.objc; name = CCDirectorIOS.m; path = libs/cocos2d/Platforms/iOS/CCDirectorIOS.m; sourceTree = "<group>"; };
		32B84CF3141234F100B4BD02 /* CCTouchDelegateProtocol.h */ = {isa = PBXFileReference; lastKnownFileType = sourcecode.c.h; name = CCTouchDelegateProtocol.h; path = libs/cocos2d/Platforms/iOS/CCTouchDelegateProtocol.h; sourceTree = "<group>"; };
		32B84CF4141234F100B4BD02 /* CCTouchDispatcher.h */ = {isa = PBXFileReference; lastKnownFileType = sourcecode.c.h; name = CCTouchDispatcher.h; path = libs/cocos2d/Platforms/iOS/CCTouchDispatcher.h; sourceTree = "<group>"; };
		32B84CF5141234F100B4BD02 /* CCTouchDispatcher.m */ = {isa = PBXFileReference; lastKnownFileType = sourcecode.c.objc; name = CCTouchDispatcher.m; path = libs/cocos2d/Platforms/iOS/CCTouchDispatcher.m; sourceTree = "<group>"; };
		32B84CF7141234F100B4BD02 /* CCTouchHandler.h */ = {isa = PBXFileReference; lastKnownFileType = sourcecode.c.h; name = CCTouchHandler.h; path = libs/cocos2d/Platforms/iOS/CCTouchHandler.h; sourceTree = "<group>"; };
		32B84CF8141234F100B4BD02 /* CCTouchHandler.m */ = {isa = PBXFileReference; lastKnownFileType = sourcecode.c.objc; name = CCTouchHandler.m; path = libs/cocos2d/Platforms/iOS/CCTouchHandler.m; sourceTree = "<group>"; };
		32B84CFA141234F100B4BD02 /* EAGLView.h */ = {isa = PBXFileReference; lastKnownFileType = sourcecode.c.h; name = EAGLView.h; path = libs/cocos2d/Platforms/iOS/EAGLView.h; sourceTree = "<group>"; };
		32B84CFB141234F100B4BD02 /* EAGLView.m */ = {isa = PBXFileReference; lastKnownFileType = sourcecode.c.objc; name = EAGLView.m; path = libs/cocos2d/Platforms/iOS/EAGLView.m; sourceTree = "<group>"; };
		32B84CFD141234F100B4BD02 /* ES1Renderer.h */ = {isa = PBXFileReference; lastKnownFileType = sourcecode.c.h; name = ES1Renderer.h; path = libs/cocos2d/Platforms/iOS/ES1Renderer.h; sourceTree = "<group>"; };
		32B84CFE141234F100B4BD02 /* ES1Renderer.m */ = {isa = PBXFileReference; lastKnownFileType = sourcecode.c.objc; name = ES1Renderer.m; path = libs/cocos2d/Platforms/iOS/ES1Renderer.m; sourceTree = "<group>"; };
		32B84D00141234F100B4BD02 /* ESRenderer.h */ = {isa = PBXFileReference; lastKnownFileType = sourcecode.c.h; name = ESRenderer.h; path = libs/cocos2d/Platforms/iOS/ESRenderer.h; sourceTree = "<group>"; };
		32B84D01141234F100B4BD02 /* glu.c */ = {isa = PBXFileReference; lastKnownFileType = sourcecode.c.c; name = glu.c; path = libs/cocos2d/Platforms/iOS/glu.c; sourceTree = "<group>"; };
		32B84D03141234F100B4BD02 /* glu.h */ = {isa = PBXFileReference; lastKnownFileType = sourcecode.c.h; name = glu.h; path = libs/cocos2d/Platforms/iOS/glu.h; sourceTree = "<group>"; };
		32B84D05141234F100B4BD02 /* CCDirectorMac.h */ = {isa = PBXFileReference; lastKnownFileType = sourcecode.c.h; name = CCDirectorMac.h; path = libs/cocos2d/Platforms/Mac/CCDirectorMac.h; sourceTree = "<group>"; };
		32B84D06141234F100B4BD02 /* CCDirectorMac.m */ = {isa = PBXFileReference; lastKnownFileType = sourcecode.c.objc; name = CCDirectorMac.m; path = libs/cocos2d/Platforms/Mac/CCDirectorMac.m; sourceTree = "<group>"; };
		32B84D08141234F100B4BD02 /* CCEventDispatcher.h */ = {isa = PBXFileReference; lastKnownFileType = sourcecode.c.h; name = CCEventDispatcher.h; path = libs/cocos2d/Platforms/Mac/CCEventDispatcher.h; sourceTree = "<group>"; };
		32B84D09141234F100B4BD02 /* CCEventDispatcher.m */ = {isa = PBXFileReference; lastKnownFileType = sourcecode.c.objc; name = CCEventDispatcher.m; path = libs/cocos2d/Platforms/Mac/CCEventDispatcher.m; sourceTree = "<group>"; };
		32B84D0B141234F100B4BD02 /* MacGLView.h */ = {isa = PBXFileReference; lastKnownFileType = sourcecode.c.h; name = MacGLView.h; path = libs/cocos2d/Platforms/Mac/MacGLView.h; sourceTree = "<group>"; };
		32B84D0C141234F100B4BD02 /* MacGLView.m */ = {isa = PBXFileReference; lastKnownFileType = sourcecode.c.objc; name = MacGLView.m; path = libs/cocos2d/Platforms/Mac/MacGLView.m; sourceTree = "<group>"; };
		32B84D0E141234F100B4BD02 /* MacWindow.h */ = {isa = PBXFileReference; lastKnownFileType = sourcecode.c.h; name = MacWindow.h; path = libs/cocos2d/Platforms/Mac/MacWindow.h; sourceTree = "<group>"; };
		32B84D0F141234F100B4BD02 /* MacWindow.m */ = {isa = PBXFileReference; lastKnownFileType = sourcecode.c.objc; name = MacWindow.m; path = libs/cocos2d/Platforms/Mac/MacWindow.m; sourceTree = "<group>"; };
		32B84D12141234F100B4BD02 /* base64.c */ = {isa = PBXFileReference; lastKnownFileType = sourcecode.c.c; name = base64.c; path = libs/cocos2d/Support/base64.c; sourceTree = "<group>"; };
		32B84D14141234F100B4BD02 /* base64.h */ = {isa = PBXFileReference; lastKnownFileType = sourcecode.c.h; name = base64.h; path = libs/cocos2d/Support/base64.h; sourceTree = "<group>"; };
		32B84D15141234F100B4BD02 /* CCArray.h */ = {isa = PBXFileReference; lastKnownFileType = sourcecode.c.h; name = CCArray.h; path = libs/cocos2d/Support/CCArray.h; sourceTree = "<group>"; };
		32B84D16141234F100B4BD02 /* CCArray.m */ = {isa = PBXFileReference; lastKnownFileType = sourcecode.c.objc; name = CCArray.m; path = libs/cocos2d/Support/CCArray.m; sourceTree = "<group>"; };
		32B84D18141234F100B4BD02 /* ccCArray.h */ = {isa = PBXFileReference; lastKnownFileType = sourcecode.c.h; name = ccCArray.h; path = libs/cocos2d/Support/ccCArray.h; sourceTree = "<group>"; };
		32B84D19141234F100B4BD02 /* CCFileUtils.h */ = {isa = PBXFileReference; lastKnownFileType = sourcecode.c.h; name = CCFileUtils.h; path = libs/cocos2d/Support/CCFileUtils.h; sourceTree = "<group>"; };
		32B84D1A141234F100B4BD02 /* CCFileUtils.m */ = {isa = PBXFileReference; lastKnownFileType = sourcecode.c.objc; name = CCFileUtils.m; path = libs/cocos2d/Support/CCFileUtils.m; sourceTree = "<group>"; };
		32B84D1C141234F100B4BD02 /* CCProfiling.h */ = {isa = PBXFileReference; lastKnownFileType = sourcecode.c.h; name = CCProfiling.h; path = libs/cocos2d/Support/CCProfiling.h; sourceTree = "<group>"; };
		32B84D1D141234F100B4BD02 /* CCProfiling.m */ = {isa = PBXFileReference; lastKnownFileType = sourcecode.c.objc; name = CCProfiling.m; path = libs/cocos2d/Support/CCProfiling.m; sourceTree = "<group>"; };
		32B84D1F141234F100B4BD02 /* ccUtils.c */ = {isa = PBXFileReference; lastKnownFileType = sourcecode.c.c; name = ccUtils.c; path = libs/cocos2d/Support/ccUtils.c; sourceTree = "<group>"; };
		32B84D21141234F100B4BD02 /* ccUtils.h */ = {isa = PBXFileReference; lastKnownFileType = sourcecode.c.h; name = ccUtils.h; path = libs/cocos2d/Support/ccUtils.h; sourceTree = "<group>"; };
		32B84D22141234F100B4BD02 /* CGPointExtension.h */ = {isa = PBXFileReference; lastKnownFileType = sourcecode.c.h; name = CGPointExtension.h; path = libs/cocos2d/Support/CGPointExtension.h; sourceTree = "<group>"; };
		32B84D23141234F200B4BD02 /* CGPointExtension.m */ = {isa = PBXFileReference; lastKnownFileType = sourcecode.c.objc; name = CGPointExtension.m; path = libs/cocos2d/Support/CGPointExtension.m; sourceTree = "<group>"; };
		32B84D25141234F200B4BD02 /* OpenGL_Internal.h */ = {isa = PBXFileReference; lastKnownFileType = sourcecode.c.h; name = OpenGL_Internal.h; path = libs/cocos2d/Support/OpenGL_Internal.h; sourceTree = "<group>"; };
		32B84D26141234F200B4BD02 /* TGAlib.h */ = {isa = PBXFileReference; lastKnownFileType = sourcecode.c.h; name = TGAlib.h; path = libs/cocos2d/Support/TGAlib.h; sourceTree = "<group>"; };
		32B84D27141234F200B4BD02 /* TGAlib.m */ = {isa = PBXFileReference; lastKnownFileType = sourcecode.c.objc; name = TGAlib.m; path = libs/cocos2d/Support/TGAlib.m; sourceTree = "<group>"; };
		32B84D29141234F200B4BD02 /* TransformUtils.h */ = {isa = PBXFileReference; lastKnownFileType = sourcecode.c.h; name = TransformUtils.h; path = libs/cocos2d/Support/TransformUtils.h; sourceTree = "<group>"; };
		32B84D2A141234F200B4BD02 /* TransformUtils.m */ = {isa = PBXFileReference; lastKnownFileType = sourcecode.c.objc; name = TransformUtils.m; path = libs/cocos2d/Support/TransformUtils.m; sourceTree = "<group>"; };
		32B84D2C141234F200B4BD02 /* uthash.h */ = {isa = PBXFileReference; lastKnownFileType = sourcecode.c.h; name = uthash.h; path = libs/cocos2d/Support/uthash.h; sourceTree = "<group>"; };
		32B84D2D141234F200B4BD02 /* utlist.h */ = {isa = PBXFileReference; lastKnownFileType = sourcecode.c.h; name = utlist.h; path = libs/cocos2d/Support/utlist.h; sourceTree = "<group>"; };
		32B84D2E141234F200B4BD02 /* ZipUtils.h */ = {isa = PBXFileReference; lastKnownFileType = sourcecode.c.h; name = ZipUtils.h; path = libs/cocos2d/Support/ZipUtils.h; sourceTree = "<group>"; };
		32B84D2F141234F200B4BD02 /* ZipUtils.m */ = {isa = PBXFileReference; lastKnownFileType = sourcecode.c.objc; name = ZipUtils.m; path = libs/cocos2d/Support/ZipUtils.m; sourceTree = "<group>"; };
		32B84D31141234F200B4BD02 /* LICENSE_cocos2d.txt */ = {isa = PBXFileReference; lastKnownFileType = text; name = LICENSE_cocos2d.txt; path = libs/LICENSE_cocos2d.txt; sourceTree = "<group>"; };
		32B84D33141234F200B4BD02 /* CDAudioManager.h */ = {isa = PBXFileReference; lastKnownFileType = sourcecode.c.h; name = CDAudioManager.h; path = libs/CocosDenshion/CDAudioManager.h; sourceTree = "<group>"; };
		32B84D34141234F200B4BD02 /* CDAudioManager.m */ = {isa = PBXFileReference; lastKnownFileType = sourcecode.c.objc; name = CDAudioManager.m; path = libs/CocosDenshion/CDAudioManager.m; sourceTree = "<group>"; };
		32B84D36141234F200B4BD02 /* CDConfig.h */ = {isa = PBXFileReference; lastKnownFileType = sourcecode.c.h; name = CDConfig.h; path = libs/CocosDenshion/CDConfig.h; sourceTree = "<group>"; };
		32B84D37141234F200B4BD02 /* CDOpenALSupport.h */ = {isa = PBXFileReference; lastKnownFileType = sourcecode.c.h; name = CDOpenALSupport.h; path = libs/CocosDenshion/CDOpenALSupport.h; sourceTree = "<group>"; };
		32B84D38141234F200B4BD02 /* CDOpenALSupport.m */ = {isa = PBXFileReference; lastKnownFileType = sourcecode.c.objc; name = CDOpenALSupport.m; path = libs/CocosDenshion/CDOpenALSupport.m; sourceTree = "<group>"; };
		32B84D3A141234F200B4BD02 /* CocosDenshion.h */ = {isa = PBXFileReference; lastKnownFileType = sourcecode.c.h; name = CocosDenshion.h; path = libs/CocosDenshion/CocosDenshion.h; sourceTree = "<group>"; };
		32B84D3B141234F200B4BD02 /* CocosDenshion.m */ = {isa = PBXFileReference; lastKnownFileType = sourcecode.c.objc; name = CocosDenshion.m; path = libs/CocosDenshion/CocosDenshion.m; sourceTree = "<group>"; };
		32B84D3D141234F200B4BD02 /* SimpleAudioEngine.h */ = {isa = PBXFileReference; lastKnownFileType = sourcecode.c.h; name = SimpleAudioEngine.h; path = libs/CocosDenshion/SimpleAudioEngine.h; sourceTree = "<group>"; };
		32B84D3E141234F200B4BD02 /* SimpleAudioEngine.m */ = {isa = PBXFileReference; lastKnownFileType = sourcecode.c.objc; name = SimpleAudioEngine.m; path = libs/CocosDenshion/SimpleAudioEngine.m; sourceTree = "<group>"; };
		32B84D40141234F200B4BD02 /* LICENSE_CocosDenshion.txt */ = {isa = PBXFileReference; lastKnownFileType = text; name = LICENSE_CocosDenshion.txt; path = libs/LICENSE_CocosDenshion.txt; sourceTree = "<group>"; };
		32B84D42141234F200B4BD02 /* CLScoreServerPost.h */ = {isa = PBXFileReference; lastKnownFileType = sourcecode.c.h; name = CLScoreServerPost.h; path = libs/cocoslive/CLScoreServerPost.h; sourceTree = "<group>"; };
		32B84D43141234F200B4BD02 /* CLScoreServerPost.m */ = {isa = PBXFileReference; lastKnownFileType = sourcecode.c.objc; name = CLScoreServerPost.m; path = libs/cocoslive/CLScoreServerPost.m; sourceTree = "<group>"; };
		32B84D45141234F200B4BD02 /* CLScoreServerRequest.h */ = {isa = PBXFileReference; lastKnownFileType = sourcecode.c.h; name = CLScoreServerRequest.h; path = libs/cocoslive/CLScoreServerRequest.h; sourceTree = "<group>"; };
		32B84D46141234F200B4BD02 /* CLScoreServerRequest.m */ = {isa = PBXFileReference; lastKnownFileType = sourcecode.c.objc; name = CLScoreServerRequest.m; path = libs/cocoslive/CLScoreServerRequest.m; sourceTree = "<group>"; };
		32B84D48141234F200B4BD02 /* cocoslive.h */ = {isa = PBXFileReference; lastKnownFileType = sourcecode.c.h; name = cocoslive.h; path = libs/cocoslive/cocoslive.h; sourceTree = "<group>"; };
		32B84D49141234F200B4BD02 /* cocoslive.m */ = {isa = PBXFileReference; lastKnownFileType = sourcecode.c.objc; name = cocoslive.m; path = libs/cocoslive/cocoslive.m; sourceTree = "<group>"; };
		32B84D4B141234F200B4BD02 /* LICENSE_TouchJSON.txt */ = {isa = PBXFileReference; lastKnownFileType = text; name = LICENSE_TouchJSON.txt; path = libs/LICENSE_TouchJSON.txt; sourceTree = "<group>"; };
		32B84D4D141234F200B4BD02 /* CDataScanner.h */ = {isa = PBXFileReference; lastKnownFileType = sourcecode.c.h; name = CDataScanner.h; path = libs/TouchJSON/CDataScanner.h; sourceTree = "<group>"; };
		32B84D4E141234F200B4BD02 /* CDataScanner.m */ = {isa = PBXFileReference; lastKnownFileType = sourcecode.c.objc; name = CDataScanner.m; path = libs/TouchJSON/CDataScanner.m; sourceTree = "<group>"; };
		32B84D51141234F200B4BD02 /* CDataScanner_Extensions.h */ = {isa = PBXFileReference; lastKnownFileType = sourcecode.c.h; name = CDataScanner_Extensions.h; path = libs/TouchJSON/Extensions/CDataScanner_Extensions.h; sourceTree = "<group>"; };
		32B84D52141234F200B4BD02 /* CDataScanner_Extensions.m */ = {isa = PBXFileReference; lastKnownFileType = sourcecode.c.objc; name = CDataScanner_Extensions.m; path = libs/TouchJSON/Extensions/CDataScanner_Extensions.m; sourceTree = "<group>"; };
		32B84D54141234F200B4BD02 /* NSDictionary_JSONExtensions.h */ = {isa = PBXFileReference; lastKnownFileType = sourcecode.c.h; name = NSDictionary_JSONExtensions.h; path = libs/TouchJSON/Extensions/NSDictionary_JSONExtensions.h; sourceTree = "<group>"; };
		32B84D55141234F200B4BD02 /* NSDictionary_JSONExtensions.m */ = {isa = PBXFileReference; lastKnownFileType = sourcecode.c.objc; name = NSDictionary_JSONExtensions.m; path = libs/TouchJSON/Extensions/NSDictionary_JSONExtensions.m; sourceTree = "<group>"; };
		32B84D58141234F200B4BD02 /* CJSONDeserializer.h */ = {isa = PBXFileReference; lastKnownFileType = sourcecode.c.h; name = CJSONDeserializer.h; path = libs/TouchJSON/JSON/CJSONDeserializer.h; sourceTree = "<group>"; };
		32B84D59141234F200B4BD02 /* CJSONDeserializer.m */ = {isa = PBXFileReference; lastKnownFileType = sourcecode.c.objc; name = CJSONDeserializer.m; path = libs/TouchJSON/JSON/CJSONDeserializer.m; sourceTree = "<group>"; };
		32B84D5B141234F200B4BD02 /* CJSONScanner.h */ = {isa = PBXFileReference; lastKnownFileType = sourcecode.c.h; name = CJSONScanner.h; path = libs/TouchJSON/JSON/CJSONScanner.h; sourceTree = "<group>"; };
		32B84D5C141234F200B4BD02 /* CJSONScanner.m */ = {isa = PBXFileReference; lastKnownFileType = sourcecode.c.objc; name = CJSONScanner.m; path = libs/TouchJSON/JSON/CJSONScanner.m; sourceTree = "<group>"; };
		32B84D5E141234F200B4BD02 /* CJSONSerializer.h */ = {isa = PBXFileReference; lastKnownFileType = sourcecode.c.h; name = CJSONSerializer.h; path = libs/TouchJSON/JSON/CJSONSerializer.h; sourceTree = "<group>"; };
		32B84D5F141234F200B4BD02 /* CJSONSerializer.m */ = {isa = PBXFileReference; lastKnownFileType = sourcecode.c.objc; name = CJSONSerializer.m; path = libs/TouchJSON/JSON/CJSONSerializer.m; sourceTree = "<group>"; };
		32B84D61141234F200B4BD02 /* JSONRepresentation.h */ = {isa = PBXFileReference; lastKnownFileType = sourcecode.c.h; name = JSONRepresentation.h; path = libs/TouchJSON/JSON/JSONRepresentation.h; sourceTree = "<group>"; };
		32B84D63141234F200B4BD02 /* FontLabel.h */ = {isa = PBXFileReference; lastKnownFileType = sourcecode.c.h; name = FontLabel.h; path = libs/FontLabel/FontLabel.h; sourceTree = "<group>"; };
		32B84D64141234F200B4BD02 /* FontLabel.m */ = {isa = PBXFileReference; lastKnownFileType = sourcecode.c.objc; name = FontLabel.m; path = libs/FontLabel/FontLabel.m; sourceTree = "<group>"; };
		32B84D66141234F200B4BD02 /* FontLabelStringDrawing.h */ = {isa = PBXFileReference; lastKnownFileType = sourcecode.c.h; name = FontLabelStringDrawing.h; path = libs/FontLabel/FontLabelStringDrawing.h; sourceTree = "<group>"; };
		32B84D67141234F200B4BD02 /* FontLabelStringDrawing.m */ = {isa = PBXFileReference; lastKnownFileType = sourcecode.c.objc; name = FontLabelStringDrawing.m; path = libs/FontLabel/FontLabelStringDrawing.m; sourceTree = "<group>"; };
		32B84D69141234F200B4BD02 /* FontManager.h */ = {isa = PBXFileReference; lastKnownFileType = sourcecode.c.h; name = FontManager.h; path = libs/FontLabel/FontManager.h; sourceTree = "<group>"; };
		32B84D6A141234F200B4BD02 /* FontManager.m */ = {isa = PBXFileReference; lastKnownFileType = sourcecode.c.objc; name = FontManager.m; path = libs/FontLabel/FontManager.m; sourceTree = "<group>"; };
		32B84D6C141234F200B4BD02 /* ZAttributedString.h */ = {isa = PBXFileReference; lastKnownFileType = sourcecode.c.h; name = ZAttributedString.h; path = libs/FontLabel/ZAttributedString.h; sourceTree = "<group>"; };
		32B84D6D141234F200B4BD02 /* ZAttributedString.m */ = {isa = PBXFileReference; lastKnownFileType = sourcecode.c.objc; name = ZAttributedString.m; path = libs/FontLabel/ZAttributedString.m; sourceTree = "<group>"; };
		32B84D6F141234F200B4BD02 /* ZAttributedStringPrivate.h */ = {isa = PBXFileReference; lastKnownFileType = sourcecode.c.h; name = ZAttributedStringPrivate.h; path = libs/FontLabel/ZAttributedStringPrivate.h; sourceTree = "<group>"; };
		32B84D70141234F200B4BD02 /* ZFont.h */ = {isa = PBXFileReference; lastKnownFileType = sourcecode.c.h; name = ZFont.h; path = libs/FontLabel/ZFont.h; sourceTree = "<group>"; };
		32B84D71141234F200B4BD02 /* ZFont.m */ = {isa = PBXFileReference; lastKnownFileType = sourcecode.c.objc; name = ZFont.m; path = libs/FontLabel/ZFont.m; sourceTree = "<group>"; };
		32B84D73141234F200B4BD02 /* LICENSE_FontLabel.txt */ = {isa = PBXFileReference; lastKnownFileType = text; name = LICENSE_FontLabel.txt; path = libs/LICENSE_FontLabel.txt; sourceTree = "<group>"; };
		32B84D75141234F200B4BD02 /* Prefix.pch */ = {isa = PBXFileReference; lastKnownFileType = sourcecode.c.h; path = Prefix.pch; sourceTree = "<group>"; };
		32B84D76141234F200B4BD02 /* main.m */ = {isa = PBXFileReference; lastKnownFileType = sourcecode.c.objc; path = main.m; sourceTree = "<group>"; };
		32B84D78141234F200B4BD02 /* AppDelegate.h */ = {isa = PBXFileReference; lastKnownFileType = sourcecode.c.h; path = AppDelegate.h; sourceTree = "<group>"; };
		32B84D79141234F200B4BD02 /* AppDelegate.m */ = {isa = PBXFileReference; lastKnownFileType = sourcecode.c.objc; path = AppDelegate.m; sourceTree = "<group>"; };
		32B84D7B141234F200B4BD02 /* RootViewController.h */ = {isa = PBXFileReference; lastKnownFileType = sourcecode.c.h; path = RootViewController.h; sourceTree = "<group>"; };
		32B84D7C141234F200B4BD02 /* RootViewController.m */ = {isa = PBXFileReference; lastKnownFileType = sourcecode.c.objc; path = RootViewController.m; sourceTree = "<group>"; };
		32B84D7E141234F200B4BD02 /* HelloWorldLayer.h */ = {isa = PBXFileReference; lastKnownFileType = sourcecode.c.h; path = HelloWorldLayer.h; sourceTree = "<group>"; };
		32B84D7F141234F200B4BD02 /* HelloWorldLayer.m */ = {isa = PBXFileReference; lastKnownFileType = sourcecode.c.objc; path = HelloWorldLayer.m; sourceTree = "<group>"; };
		32B84D81141234F200B4BD02 /* GameConfig.h */ = {isa = PBXFileReference; lastKnownFileType = sourcecode.c.h; path = GameConfig.h; sourceTree = "<group>"; };
		32B84D871412350900B4BD02 /* background1.png */ = {isa = PBXFileReference; lastKnownFileType = image.png; path = background1.png; sourceTree = "<group>"; };
		32B84D881412350900B4BD02 /* background2.png */ = {isa = PBXFileReference; lastKnownFileType = image.png; path = background2.png; sourceTree = "<group>"; };
		32B84D8B1412352800B4BD02 /* b1.png */ = {isa = PBXFileReference; lastKnownFileType = image.png; path = b1.png; sourceTree = "<group>"; };
		32B84D8C1412352800B4BD02 /* b2.png */ = {isa = PBXFileReference; lastKnownFileType = image.png; path = b2.png; sourceTree = "<group>"; };
		32B84D8D1412352800B4BD02 /* f1.png */ = {isa = PBXFileReference; lastKnownFileType = image.png; path = f1.png; sourceTree = "<group>"; };
		32B84D8E1412352800B4BD02 /* f2.png */ = {isa = PBXFileReference; lastKnownFileType = image.png; path = f2.png; sourceTree = "<group>"; };
/* End PBXFileReference section */

/* Begin PBXFrameworksBuildPhase section */
		32B84C0F141234EF00B4BD02 /* Frameworks */ = {
			isa = PBXFrameworksBuildPhase;
			buildActionMask = 2147483647;
			files = (
				32B84C17141234EF00B4BD02 /* QuartzCore.framework in Frameworks */,
				32B84C19141234EF00B4BD02 /* OpenGLES.framework in Frameworks */,
				32B84C1B141234EF00B4BD02 /* OpenAL.framework in Frameworks */,
				32B84C1D141234EF00B4BD02 /* AudioToolbox.framework in Frameworks */,
				32B84C1F141234EF00B4BD02 /* AVFoundation.framework in Frameworks */,
				32B84C21141234EF00B4BD02 /* UIKit.framework in Frameworks */,
				32B84C23141234EF00B4BD02 /* Foundation.framework in Frameworks */,
				32B84C25141234EF00B4BD02 /* CoreGraphics.framework in Frameworks */,
			);
			runOnlyForDeploymentPostprocessing = 0;
		};
/* End PBXFrameworksBuildPhase section */

/* Begin PBXGroup section */
		32B84C07141234EF00B4BD02 = {
			isa = PBXGroup;
			children = (
				32B84C26141234EF00B4BD02 /* ParallaxNoxeEx4 */,
				32B84C15141234EF00B4BD02 /* Frameworks */,
				32B84C13141234EF00B4BD02 /* Products */,
			);
			sourceTree = "<group>";
		};
		32B84C13141234EF00B4BD02 /* Products */ = {
			isa = PBXGroup;
			children = (
				32B84C12141234EF00B4BD02 /* ParallaxNoxeEx4.app */,
			);
			name = Products;
			sourceTree = "<group>";
		};
		32B84C15141234EF00B4BD02 /* Frameworks */ = {
			isa = PBXGroup;
			children = (
				32B84C16141234EF00B4BD02 /* QuartzCore.framework */,
				32B84C18141234EF00B4BD02 /* OpenGLES.framework */,
				32B84C1A141234EF00B4BD02 /* OpenAL.framework */,
				32B84C1C141234EF00B4BD02 /* AudioToolbox.framework */,
				32B84C1E141234EF00B4BD02 /* AVFoundation.framework */,
				32B84C20141234EF00B4BD02 /* UIKit.framework */,
				32B84C22141234EF00B4BD02 /* Foundation.framework */,
				32B84C24141234EF00B4BD02 /* CoreGraphics.framework */,
			);
			name = Frameworks;
			sourceTree = "<group>";
		};
		32B84C26141234EF00B4BD02 /* ParallaxNoxeEx4 */ = {
			isa = PBXGroup;
			children = (
				32B84D78141234F200B4BD02 /* AppDelegate.h */,
				32B84D79141234F200B4BD02 /* AppDelegate.m */,
				32B84D7B141234F200B4BD02 /* RootViewController.h */,
				32B84D7C141234F200B4BD02 /* RootViewController.m */,
				32B84D7E141234F200B4BD02 /* HelloWorldLayer.h */,
				32B84D7F141234F200B4BD02 /* HelloWorldLayer.m */,
				32B84D81141234F200B4BD02 /* GameConfig.h */,
				32B84C27141234EF00B4BD02 /* Resources */,
				32B84C3B141234F000B4BD02 /* libs */,
				32B84D74141234F200B4BD02 /* Supporting Files */,
			);
			path = ParallaxNoxeEx4;
			sourceTree = "<group>";
		};
		32B84C27141234EF00B4BD02 /* Resources */ = {
			isa = PBXGroup;
			children = (
				32B84D871412350900B4BD02 /* background1.png */,
				32B84D881412350900B4BD02 /* background2.png */,
				32B84D8B1412352800B4BD02 /* b1.png */,
				32B84D8C1412352800B4BD02 /* b2.png */,
				32B84D8D1412352800B4BD02 /* f1.png */,
				32B84D8E1412352800B4BD02 /* f2.png */,
				32B84C28141234EF00B4BD02 /* Default.png */,
				32B84C2A141234EF00B4BD02 /* fps_images.png */,
				32B84C2C141234EF00B4BD02 /* Icon-72.png */,
				32B84C2E141234EF00B4BD02 /* Icon-Small-50.png */,
				32B84C30141234EF00B4BD02 /* Icon-Small.png */,
				32B84C32141234EF00B4BD02 /* Icon-Small@2x.png */,
				32B84C34141234EF00B4BD02 /* Icon.png */,
				32B84C36141234F000B4BD02 /* Icon@2x.png */,
				32B84C38141234F000B4BD02 /* Info.plist */,
				32B84C39141234F000B4BD02 /* iTunesArtwork */,
			);
			name = Resources;
			sourceTree = "<group>";
		};
		32B84C3B141234F000B4BD02 /* libs */ = {
			isa = PBXGroup;
			children = (
				32B84D31141234F200B4BD02 /* LICENSE_cocos2d.txt */,
				32B84D40141234F200B4BD02 /* LICENSE_CocosDenshion.txt */,
				32B84D4B141234F200B4BD02 /* LICENSE_TouchJSON.txt */,
				32B84D73141234F200B4BD02 /* LICENSE_FontLabel.txt */,
				32B84C3C141234F000B4BD02 /* cocos2d */,
				32B84D32141234F200B4BD02 /* CocosDenshion */,
				32B84D41141234F200B4BD02 /* cocoslive */,
				32B84D4C141234F200B4BD02 /* TouchJSON */,
				32B84D62141234F200B4BD02 /* FontLabel */,
			);
			name = libs;
			sourceTree = "<group>";
		};
		32B84C3C141234F000B4BD02 /* cocos2d */ = {
			isa = PBXGroup;
			children = (
				32B84C3D141234F000B4BD02 /* CCAction.h */,
				32B84C3E141234F000B4BD02 /* CCAction.m */,
				32B84C40141234F000B4BD02 /* CCActionCamera.h */,
				32B84C41141234F000B4BD02 /* CCActionCamera.m */,
				32B84C43141234F000B4BD02 /* CCActionEase.h */,
				32B84C44141234F000B4BD02 /* CCActionEase.m */,
				32B84C46141234F000B4BD02 /* CCActionGrid.h */,
				32B84C47141234F000B4BD02 /* CCActionGrid.m */,
				32B84C49141234F000B4BD02 /* CCActionGrid3D.h */,
				32B84C4A141234F000B4BD02 /* CCActionGrid3D.m */,
				32B84C4C141234F000B4BD02 /* CCActionInstant.h */,
				32B84C4D141234F000B4BD02 /* CCActionInstant.m */,
				32B84C4F141234F000B4BD02 /* CCActionInterval.h */,
				32B84C50141234F000B4BD02 /* CCActionInterval.m */,
				32B84C52141234F000B4BD02 /* CCActionManager.h */,
				32B84C53141234F000B4BD02 /* CCActionManager.m */,
				32B84C55141234F000B4BD02 /* CCActionPageTurn3D.h */,
				32B84C56141234F000B4BD02 /* CCActionPageTurn3D.m */,
				32B84C58141234F000B4BD02 /* CCActionProgressTimer.h */,
				32B84C59141234F000B4BD02 /* CCActionProgressTimer.m */,
				32B84C5B141234F000B4BD02 /* CCActionTiledGrid.h */,
				32B84C5C141234F000B4BD02 /* CCActionTiledGrid.m */,
				32B84C5E141234F000B4BD02 /* CCActionTween.h */,
				32B84C5F141234F000B4BD02 /* CCActionTween.m */,
				32B84C61141234F000B4BD02 /* CCAnimation.h */,
				32B84C62141234F000B4BD02 /* CCAnimation.m */,
				32B84C64141234F000B4BD02 /* CCAnimationCache.h */,
				32B84C65141234F000B4BD02 /* CCAnimationCache.m */,
				32B84C67141234F000B4BD02 /* CCAtlasNode.h */,
				32B84C68141234F000B4BD02 /* CCAtlasNode.m */,
				32B84C6A141234F000B4BD02 /* CCBlockSupport.h */,
				32B84C6B141234F000B4BD02 /* CCBlockSupport.m */,
				32B84C6D141234F000B4BD02 /* CCCamera.h */,
				32B84C6E141234F000B4BD02 /* CCCamera.m */,
				32B84C70141234F000B4BD02 /* ccConfig.h */,
				32B84C71141234F000B4BD02 /* CCConfiguration.h */,
				32B84C72141234F000B4BD02 /* CCConfiguration.m */,
				32B84C74141234F000B4BD02 /* CCDirector.h */,
				32B84C75141234F000B4BD02 /* CCDirector.m */,
				32B84C77141234F000B4BD02 /* CCDrawingPrimitives.h */,
				32B84C78141234F000B4BD02 /* CCDrawingPrimitives.m */,
				32B84C7A141234F000B4BD02 /* CCGrabber.h */,
				32B84C7B141234F000B4BD02 /* CCGrabber.m */,
				32B84C7D141234F000B4BD02 /* CCGrid.h */,
				32B84C7E141234F000B4BD02 /* CCGrid.m */,
				32B84C80141234F000B4BD02 /* CCLabelAtlas.h */,
				32B84C81141234F000B4BD02 /* CCLabelAtlas.m */,
				32B84C83141234F000B4BD02 /* CCLabelBMFont.h */,
				32B84C84141234F000B4BD02 /* CCLabelBMFont.m */,
				32B84C86141234F000B4BD02 /* CCLabelTTF.h */,
				32B84C87141234F000B4BD02 /* CCLabelTTF.m */,
				32B84C89141234F000B4BD02 /* CCLayer.h */,
				32B84C8A141234F000B4BD02 /* CCLayer.m */,
				32B84C8C141234F000B4BD02 /* ccMacros.h */,
				32B84C8D141234F000B4BD02 /* CCMenu.h */,
				32B84C8E141234F000B4BD02 /* CCMenu.m */,
				32B84C90141234F000B4BD02 /* CCMenuItem.h */,
				32B84C91141234F000B4BD02 /* CCMenuItem.m */,
				32B84C93141234F000B4BD02 /* CCMotionStreak.h */,
				32B84C94141234F000B4BD02 /* CCMotionStreak.m */,
				32B84C96141234F000B4BD02 /* CCNode.h */,
				32B84C97141234F000B4BD02 /* CCNode.m */,
				32B84C99141234F000B4BD02 /* CCParallaxNode.h */,
				32B84C9A141234F000B4BD02 /* CCParallaxNode.m */,
				32B84C9C141234F000B4BD02 /* CCParticleExamples.h */,
				32B84C9D141234F000B4BD02 /* CCParticleExamples.m */,
				32B84C9F141234F000B4BD02 /* CCParticleSystem.h */,
				32B84CA0141234F000B4BD02 /* CCParticleSystem.m */,
				32B84CA2141234F000B4BD02 /* CCParticleSystemPoint.h */,
				32B84CA3141234F100B4BD02 /* CCParticleSystemPoint.m */,
				32B84CA5141234F100B4BD02 /* CCParticleSystemQuad.h */,
				32B84CA6141234F100B4BD02 /* CCParticleSystemQuad.m */,
				32B84CA8141234F100B4BD02 /* CCProgressTimer.h */,
				32B84CA9141234F100B4BD02 /* CCProgressTimer.m */,
				32B84CAB141234F100B4BD02 /* CCProtocols.h */,
				32B84CAC141234F100B4BD02 /* CCRenderTexture.h */,
				32B84CAD141234F100B4BD02 /* CCRenderTexture.m */,
				32B84CAF141234F100B4BD02 /* CCRibbon.h */,
				32B84CB0141234F100B4BD02 /* CCRibbon.m */,
				32B84CB2141234F100B4BD02 /* CCScene.h */,
				32B84CB3141234F100B4BD02 /* CCScene.m */,
				32B84CB5141234F100B4BD02 /* CCScheduler.h */,
				32B84CB6141234F100B4BD02 /* CCScheduler.m */,
				32B84CB8141234F100B4BD02 /* CCSprite.h */,
				32B84CB9141234F100B4BD02 /* CCSprite.m */,
				32B84CBB141234F100B4BD02 /* CCSpriteBatchNode.h */,
				32B84CBC141234F100B4BD02 /* CCSpriteBatchNode.m */,
				32B84CBE141234F100B4BD02 /* CCSpriteFrame.h */,
				32B84CBF141234F100B4BD02 /* CCSpriteFrame.m */,
				32B84CC1141234F100B4BD02 /* CCSpriteFrameCache.h */,
				32B84CC2141234F100B4BD02 /* CCSpriteFrameCache.m */,
				32B84CC4141234F100B4BD02 /* CCTexture2D.h */,
				32B84CC5141234F100B4BD02 /* CCTexture2D.m */,
				32B84CC7141234F100B4BD02 /* CCTextureAtlas.h */,
				32B84CC8141234F100B4BD02 /* CCTextureAtlas.m */,
				32B84CCA141234F100B4BD02 /* CCTextureCache.h */,
				32B84CCB141234F100B4BD02 /* CCTextureCache.m */,
				32B84CCD141234F100B4BD02 /* CCTexturePVR.h */,
				32B84CCE141234F100B4BD02 /* CCTexturePVR.m */,
				32B84CD0141234F100B4BD02 /* CCTileMapAtlas.h */,
				32B84CD1141234F100B4BD02 /* CCTileMapAtlas.m */,
				32B84CD3141234F100B4BD02 /* CCTMXLayer.h */,
				32B84CD4141234F100B4BD02 /* CCTMXLayer.m */,
				32B84CD6141234F100B4BD02 /* CCTMXObjectGroup.h */,
				32B84CD7141234F100B4BD02 /* CCTMXObjectGroup.m */,
				32B84CD9141234F100B4BD02 /* CCTMXTiledMap.h */,
				32B84CDA141234F100B4BD02 /* CCTMXTiledMap.m */,
				32B84CDC141234F100B4BD02 /* CCTMXXMLParser.h */,
				32B84CDD141234F100B4BD02 /* CCTMXXMLParser.m */,
				32B84CDF141234F100B4BD02 /* CCTransition.h */,
				32B84CE0141234F100B4BD02 /* CCTransition.m */,
				32B84CE2141234F100B4BD02 /* CCTransitionPageTurn.h */,
				32B84CE3141234F100B4BD02 /* CCTransitionPageTurn.m */,
				32B84CE5141234F100B4BD02 /* CCTransitionRadial.h */,
				32B84CE6141234F100B4BD02 /* CCTransitionRadial.m */,
				32B84CE8141234F100B4BD02 /* ccTypes.h */,
				32B84CE9141234F100B4BD02 /* cocos2d.h */,
				32B84CEA141234F100B4BD02 /* cocos2d.m */,
				32B84CEC141234F100B4BD02 /* Platforms */,
				32B84D11141234F100B4BD02 /* Support */,
			);
			name = cocos2d;
			sourceTree = "<group>";
		};
		32B84CEC141234F100B4BD02 /* Platforms */ = {
			isa = PBXGroup;
			children = (
				32B84CED141234F100B4BD02 /* CCGL.h */,
				32B84CEE141234F100B4BD02 /* CCNS.h */,
				32B84CEF141234F100B4BD02 /* iOS */,
				32B84D04141234F100B4BD02 /* Mac */,
			);
			name = Platforms;
			sourceTree = "<group>";
		};
		32B84CEF141234F100B4BD02 /* iOS */ = {
			isa = PBXGroup;
			children = (
				32B84CF0141234F100B4BD02 /* CCDirectorIOS.h */,
				32B84CF1141234F100B4BD02 /* CCDirectorIOS.m */,
				32B84CF3141234F100B4BD02 /* CCTouchDelegateProtocol.h */,
				32B84CF4141234F100B4BD02 /* CCTouchDispatcher.h */,
				32B84CF5141234F100B4BD02 /* CCTouchDispatcher.m */,
				32B84CF7141234F100B4BD02 /* CCTouchHandler.h */,
				32B84CF8141234F100B4BD02 /* CCTouchHandler.m */,
				32B84CFA141234F100B4BD02 /* EAGLView.h */,
				32B84CFB141234F100B4BD02 /* EAGLView.m */,
				32B84CFD141234F100B4BD02 /* ES1Renderer.h */,
				32B84CFE141234F100B4BD02 /* ES1Renderer.m */,
				32B84D00141234F100B4BD02 /* ESRenderer.h */,
				32B84D01141234F100B4BD02 /* glu.c */,
				32B84D03141234F100B4BD02 /* glu.h */,
			);
			name = iOS;
			sourceTree = "<group>";
		};
		32B84D04141234F100B4BD02 /* Mac */ = {
			isa = PBXGroup;
			children = (
				32B84D05141234F100B4BD02 /* CCDirectorMac.h */,
				32B84D06141234F100B4BD02 /* CCDirectorMac.m */,
				32B84D08141234F100B4BD02 /* CCEventDispatcher.h */,
				32B84D09141234F100B4BD02 /* CCEventDispatcher.m */,
				32B84D0B141234F100B4BD02 /* MacGLView.h */,
				32B84D0C141234F100B4BD02 /* MacGLView.m */,
				32B84D0E141234F100B4BD02 /* MacWindow.h */,
				32B84D0F141234F100B4BD02 /* MacWindow.m */,
			);
			name = Mac;
			sourceTree = "<group>";
		};
		32B84D11141234F100B4BD02 /* Support */ = {
			isa = PBXGroup;
			children = (
				32B84D12141234F100B4BD02 /* base64.c */,
				32B84D14141234F100B4BD02 /* base64.h */,
				32B84D15141234F100B4BD02 /* CCArray.h */,
				32B84D16141234F100B4BD02 /* CCArray.m */,
				32B84D18141234F100B4BD02 /* ccCArray.h */,
				32B84D19141234F100B4BD02 /* CCFileUtils.h */,
				32B84D1A141234F100B4BD02 /* CCFileUtils.m */,
				32B84D1C141234F100B4BD02 /* CCProfiling.h */,
				32B84D1D141234F100B4BD02 /* CCProfiling.m */,
				32B84D1F141234F100B4BD02 /* ccUtils.c */,
				32B84D21141234F100B4BD02 /* ccUtils.h */,
				32B84D22141234F100B4BD02 /* CGPointExtension.h */,
				32B84D23141234F200B4BD02 /* CGPointExtension.m */,
				32B84D25141234F200B4BD02 /* OpenGL_Internal.h */,
				32B84D26141234F200B4BD02 /* TGAlib.h */,
				32B84D27141234F200B4BD02 /* TGAlib.m */,
				32B84D29141234F200B4BD02 /* TransformUtils.h */,
				32B84D2A141234F200B4BD02 /* TransformUtils.m */,
				32B84D2C141234F200B4BD02 /* uthash.h */,
				32B84D2D141234F200B4BD02 /* utlist.h */,
				32B84D2E141234F200B4BD02 /* ZipUtils.h */,
				32B84D2F141234F200B4BD02 /* ZipUtils.m */,
			);
			name = Support;
			sourceTree = "<group>";
		};
		32B84D32141234F200B4BD02 /* CocosDenshion */ = {
			isa = PBXGroup;
			children = (
				32B84D33141234F200B4BD02 /* CDAudioManager.h */,
				32B84D34141234F200B4BD02 /* CDAudioManager.m */,
				32B84D36141234F200B4BD02 /* CDConfig.h */,
				32B84D37141234F200B4BD02 /* CDOpenALSupport.h */,
				32B84D38141234F200B4BD02 /* CDOpenALSupport.m */,
				32B84D3A141234F200B4BD02 /* CocosDenshion.h */,
				32B84D3B141234F200B4BD02 /* CocosDenshion.m */,
				32B84D3D141234F200B4BD02 /* SimpleAudioEngine.h */,
				32B84D3E141234F200B4BD02 /* SimpleAudioEngine.m */,
			);
			name = CocosDenshion;
			sourceTree = "<group>";
		};
		32B84D41141234F200B4BD02 /* cocoslive */ = {
			isa = PBXGroup;
			children = (
				32B84D42141234F200B4BD02 /* CLScoreServerPost.h */,
				32B84D43141234F200B4BD02 /* CLScoreServerPost.m */,
				32B84D45141234F200B4BD02 /* CLScoreServerRequest.h */,
				32B84D46141234F200B4BD02 /* CLScoreServerRequest.m */,
				32B84D48141234F200B4BD02 /* cocoslive.h */,
				32B84D49141234F200B4BD02 /* cocoslive.m */,
			);
			name = cocoslive;
			sourceTree = "<group>";
		};
		32B84D4C141234F200B4BD02 /* TouchJSON */ = {
			isa = PBXGroup;
			children = (
				32B84D4D141234F200B4BD02 /* CDataScanner.h */,
				32B84D4E141234F200B4BD02 /* CDataScanner.m */,
				32B84D50141234F200B4BD02 /* Extensions */,
				32B84D57141234F200B4BD02 /* JSON */,
			);
			name = TouchJSON;
			sourceTree = "<group>";
		};
		32B84D50141234F200B4BD02 /* Extensions */ = {
			isa = PBXGroup;
			children = (
				32B84D51141234F200B4BD02 /* CDataScanner_Extensions.h */,
				32B84D52141234F200B4BD02 /* CDataScanner_Extensions.m */,
				32B84D54141234F200B4BD02 /* NSDictionary_JSONExtensions.h */,
				32B84D55141234F200B4BD02 /* NSDictionary_JSONExtensions.m */,
			);
			name = Extensions;
			sourceTree = "<group>";
		};
		32B84D57141234F200B4BD02 /* JSON */ = {
			isa = PBXGroup;
			children = (
				32B84D58141234F200B4BD02 /* CJSONDeserializer.h */,
				32B84D59141234F200B4BD02 /* CJSONDeserializer.m */,
				32B84D5B141234F200B4BD02 /* CJSONScanner.h */,
				32B84D5C141234F200B4BD02 /* CJSONScanner.m */,
				32B84D5E141234F200B4BD02 /* CJSONSerializer.h */,
				32B84D5F141234F200B4BD02 /* CJSONSerializer.m */,
				32B84D61141234F200B4BD02 /* JSONRepresentation.h */,
			);
			name = JSON;
			sourceTree = "<group>";
		};
		32B84D62141234F200B4BD02 /* FontLabel */ = {
			isa = PBXGroup;
			children = (
				32B84D63141234F200B4BD02 /* FontLabel.h */,
				32B84D64141234F200B4BD02 /* FontLabel.m */,
				32B84D66141234F200B4BD02 /* FontLabelStringDrawing.h */,
				32B84D67141234F200B4BD02 /* FontLabelStringDrawing.m */,
				32B84D69141234F200B4BD02 /* FontManager.h */,
				32B84D6A141234F200B4BD02 /* FontManager.m */,
				32B84D6C141234F200B4BD02 /* ZAttributedString.h */,
				32B84D6D141234F200B4BD02 /* ZAttributedString.m */,
				32B84D6F141234F200B4BD02 /* ZAttributedStringPrivate.h */,
				32B84D70141234F200B4BD02 /* ZFont.h */,
				32B84D71141234F200B4BD02 /* ZFont.m */,
			);
			name = FontLabel;
			sourceTree = "<group>";
		};
		32B84D74141234F200B4BD02 /* Supporting Files */ = {
			isa = PBXGroup;
			children = (
				32B84D75141234F200B4BD02 /* Prefix.pch */,
				32B84D76141234F200B4BD02 /* main.m */,
			);
			name = "Supporting Files";
			sourceTree = "<group>";
		};
/* End PBXGroup section */

/* Begin PBXNativeTarget section */
		32B84C11141234EF00B4BD02 /* ParallaxNoxeEx4 */ = {
			isa = PBXNativeTarget;
			buildConfigurationList = 32B84D84141234F200B4BD02 /* Build configuration list for PBXNativeTarget "ParallaxNoxeEx4" */;
			buildPhases = (
				32B84C0E141234EF00B4BD02 /* Sources */,
				32B84C0F141234EF00B4BD02 /* Frameworks */,
				32B84C10141234EF00B4BD02 /* Resources */,
			);
			buildRules = (
			);
			dependencies = (
			);
			name = ParallaxNoxeEx4;
			productName = ParallaxNoxeEx4;
			productReference = 32B84C12141234EF00B4BD02 /* ParallaxNoxeEx4.app */;
			productType = "com.apple.product-type.application";
		};
/* End PBXNativeTarget section */

/* Begin PBXProject section */
		32B84C09141234EF00B4BD02 /* Project object */ = {
			isa = PBXProject;
			attributes = {
				ORGANIZATIONNAME = "Gikimi-SW";
			};
			buildConfigurationList = 32B84C0C141234EF00B4BD02 /* Build configuration list for PBXProject "ParallaxNoxeEx4" */;
			compatibilityVersion = "Xcode 3.2";
			developmentRegion = English;
			hasScannedForEncodings = 0;
			knownRegions = (
				en,
			);
			mainGroup = 32B84C07141234EF00B4BD02;
			productRefGroup = 32B84C13141234EF00B4BD02 /* Products */;
			projectDirPath = "";
			projectRoot = "";
			targets = (
				32B84C11141234EF00B4BD02 /* ParallaxNoxeEx4 */,
			);
		};
/* End PBXProject section */

/* Begin PBXResourcesBuildPhase section */
		32B84C10141234EF00B4BD02 /* Resources */ = {
			isa = PBXResourcesBuildPhase;
			buildActionMask = 2147483647;
			files = (
				32B84C29141234EF00B4BD02 /* Default.png in Resources */,
				32B84C2B141234EF00B4BD02 /* fps_images.png in Resources */,
				32B84C2D141234EF00B4BD02 /* Icon-72.png in Resources */,
				32B84C2F141234EF00B4BD02 /* Icon-Small-50.png in Resources */,
				32B84C31141234EF00B4BD02 /* Icon-Small.png in Resources */,
				32B84C33141234EF00B4BD02 /* Icon-Small@2x.png in Resources */,
				32B84C35141234EF00B4BD02 /* Icon.png in Resources */,
				32B84C37141234F000B4BD02 /* Icon@2x.png in Resources */,
				32B84C3A141234F000B4BD02 /* iTunesArtwork in Resources */,
				32B84D891412350900B4BD02 /* background1.png in Resources */,
				32B84D8A1412350900B4BD02 /* background2.png in Resources */,
				32B84D8F1412352800B4BD02 /* b1.png in Resources */,
				32B84D901412352800B4BD02 /* b2.png in Resources */,
				32B84D911412352800B4BD02 /* f1.png in Resources */,
				32B84D921412352800B4BD02 /* f2.png in Resources */,
			);
			runOnlyForDeploymentPostprocessing = 0;
		};
/* End PBXResourcesBuildPhase section */

/* Begin PBXSourcesBuildPhase section */
		32B84C0E141234EF00B4BD02 /* Sources */ = {
			isa = PBXSourcesBuildPhase;
			buildActionMask = 2147483647;
			files = (
				32B84C3F141234F000B4BD02 /* CCAction.m in Sources */,
				32B84C42141234F000B4BD02 /* CCActionCamera.m in Sources */,
				32B84C45141234F000B4BD02 /* CCActionEase.m in Sources */,
				32B84C48141234F000B4BD02 /* CCActionGrid.m in Sources */,
				32B84C4B141234F000B4BD02 /* CCActionGrid3D.m in Sources */,
				32B84C4E141234F000B4BD02 /* CCActionInstant.m in Sources */,
				32B84C51141234F000B4BD02 /* CCActionInterval.m in Sources */,
				32B84C54141234F000B4BD02 /* CCActionManager.m in Sources */,
				32B84C57141234F000B4BD02 /* CCActionPageTurn3D.m in Sources */,
				32B84C5A141234F000B4BD02 /* CCActionProgressTimer.m in Sources */,
				32B84C5D141234F000B4BD02 /* CCActionTiledGrid.m in Sources */,
				32B84C60141234F000B4BD02 /* CCActionTween.m in Sources */,
				32B84C63141234F000B4BD02 /* CCAnimation.m in Sources */,
				32B84C66141234F000B4BD02 /* CCAnimationCache.m in Sources */,
				32B84C69141234F000B4BD02 /* CCAtlasNode.m in Sources */,
				32B84C6C141234F000B4BD02 /* CCBlockSupport.m in Sources */,
				32B84C6F141234F000B4BD02 /* CCCamera.m in Sources */,
				32B84C73141234F000B4BD02 /* CCConfiguration.m in Sources */,
				32B84C76141234F000B4BD02 /* CCDirector.m in Sources */,
				32B84C79141234F000B4BD02 /* CCDrawingPrimitives.m in Sources */,
				32B84C7C141234F000B4BD02 /* CCGrabber.m in Sources */,
				32B84C7F141234F000B4BD02 /* CCGrid.m in Sources */,
				32B84C82141234F000B4BD02 /* CCLabelAtlas.m in Sources */,
				32B84C85141234F000B4BD02 /* CCLabelBMFont.m in Sources */,
				32B84C88141234F000B4BD02 /* CCLabelTTF.m in Sources */,
				32B84C8B141234F000B4BD02 /* CCLayer.m in Sources */,
				32B84C8F141234F000B4BD02 /* CCMenu.m in Sources */,
				32B84C92141234F000B4BD02 /* CCMenuItem.m in Sources */,
				32B84C95141234F000B4BD02 /* CCMotionStreak.m in Sources */,
				32B84C98141234F000B4BD02 /* CCNode.m in Sources */,
				32B84C9B141234F000B4BD02 /* CCParallaxNode.m in Sources */,
				32B84C9E141234F000B4BD02 /* CCParticleExamples.m in Sources */,
				32B84CA1141234F000B4BD02 /* CCParticleSystem.m in Sources */,
				32B84CA4141234F100B4BD02 /* CCParticleSystemPoint.m in Sources */,
				32B84CA7141234F100B4BD02 /* CCParticleSystemQuad.m in Sources */,
				32B84CAA141234F100B4BD02 /* CCProgressTimer.m in Sources */,
				32B84CAE141234F100B4BD02 /* CCRenderTexture.m in Sources */,
				32B84CB1141234F100B4BD02 /* CCRibbon.m in Sources */,
				32B84CB4141234F100B4BD02 /* CCScene.m in Sources */,
				32B84CB7141234F100B4BD02 /* CCScheduler.m in Sources */,
				32B84CBA141234F100B4BD02 /* CCSprite.m in Sources */,
				32B84CBD141234F100B4BD02 /* CCSpriteBatchNode.m in Sources */,
				32B84CC0141234F100B4BD02 /* CCSpriteFrame.m in Sources */,
				32B84CC3141234F100B4BD02 /* CCSpriteFrameCache.m in Sources */,
				32B84CC6141234F100B4BD02 /* CCTexture2D.m in Sources */,
				32B84CC9141234F100B4BD02 /* CCTextureAtlas.m in Sources */,
				32B84CCC141234F100B4BD02 /* CCTextureCache.m in Sources */,
				32B84CCF141234F100B4BD02 /* CCTexturePVR.m in Sources */,
				32B84CD2141234F100B4BD02 /* CCTileMapAtlas.m in Sources */,
				32B84CD5141234F100B4BD02 /* CCTMXLayer.m in Sources */,
				32B84CD8141234F100B4BD02 /* CCTMXObjectGroup.m in Sources */,
				32B84CDB141234F100B4BD02 /* CCTMXTiledMap.m in Sources */,
				32B84CDE141234F100B4BD02 /* CCTMXXMLParser.m in Sources */,
				32B84CE1141234F100B4BD02 /* CCTransition.m in Sources */,
				32B84CE4141234F100B4BD02 /* CCTransitionPageTurn.m in Sources */,
				32B84CE7141234F100B4BD02 /* CCTransitionRadial.m in Sources */,
				32B84CEB141234F100B4BD02 /* cocos2d.m in Sources */,
				32B84CF2141234F100B4BD02 /* CCDirectorIOS.m in Sources */,
				32B84CF6141234F100B4BD02 /* CCTouchDispatcher.m in Sources */,
				32B84CF9141234F100B4BD02 /* CCTouchHandler.m in Sources */,
				32B84CFC141234F100B4BD02 /* EAGLView.m in Sources */,
				32B84CFF141234F100B4BD02 /* ES1Renderer.m in Sources */,
				32B84D02141234F100B4BD02 /* glu.c in Sources */,
				32B84D07141234F100B4BD02 /* CCDirectorMac.m in Sources */,
				32B84D0A141234F100B4BD02 /* CCEventDispatcher.m in Sources */,
				32B84D0D141234F100B4BD02 /* MacGLView.m in Sources */,
				32B84D10141234F100B4BD02 /* MacWindow.m in Sources */,
				32B84D13141234F100B4BD02 /* base64.c in Sources */,
				32B84D17141234F100B4BD02 /* CCArray.m in Sources */,
				32B84D1B141234F100B4BD02 /* CCFileUtils.m in Sources */,
				32B84D1E141234F100B4BD02 /* CCProfiling.m in Sources */,
				32B84D20141234F100B4BD02 /* ccUtils.c in Sources */,
				32B84D24141234F200B4BD02 /* CGPointExtension.m in Sources */,
				32B84D28141234F200B4BD02 /* TGAlib.m in Sources */,
				32B84D2B141234F200B4BD02 /* TransformUtils.m in Sources */,
				32B84D30141234F200B4BD02 /* ZipUtils.m in Sources */,
				32B84D35141234F200B4BD02 /* CDAudioManager.m in Sources */,
				32B84D39141234F200B4BD02 /* CDOpenALSupport.m in Sources */,
				32B84D3C141234F200B4BD02 /* CocosDenshion.m in Sources */,
				32B84D3F141234F200B4BD02 /* SimpleAudioEngine.m in Sources */,
				32B84D44141234F200B4BD02 /* CLScoreServerPost.m in Sources */,
				32B84D47141234F200B4BD02 /* CLScoreServerRequest.m in Sources */,
				32B84D4A141234F200B4BD02 /* cocoslive.m in Sources */,
				32B84D4F141234F200B4BD02 /* CDataScanner.m in Sources */,
				32B84D53141234F200B4BD02 /* CDataScanner_Extensions.m in Sources */,
				32B84D56141234F200B4BD02 /* NSDictionary_JSONExtensions.m in Sources */,
				32B84D5A141234F200B4BD02 /* CJSONDeserializer.m in Sources */,
				32B84D5D141234F200B4BD02 /* CJSONScanner.m in Sources */,
				32B84D60141234F200B4BD02 /* CJSONSerializer.m in Sources */,
				32B84D65141234F200B4BD02 /* FontLabel.m in Sources */,
				32B84D68141234F200B4BD02 /* FontLabelStringDrawing.m in Sources */,
				32B84D6B141234F200B4BD02 /* FontManager.m in Sources */,
				32B84D6E141234F200B4BD02 /* ZAttributedString.m in Sources */,
				32B84D72141234F200B4BD02 /* ZFont.m in Sources */,
				32B84D77141234F200B4BD02 /* main.m in Sources */,
				32B84D7A141234F200B4BD02 /* AppDelegate.m in Sources */,
				32B84D7D141234F200B4BD02 /* RootViewController.m in Sources */,
				32B84D80141234F200B4BD02 /* HelloWorldLayer.m in Sources */,
			);
			runOnlyForDeploymentPostprocessing = 0;
		};
/* End PBXSourcesBuildPhase section */

/* Begin XCBuildConfiguration section */
		32B84D82141234F200B4BD02 /* Debug */ = {
			isa = XCBuildConfiguration;
			buildSettings = {
				ARCHS = "$(ARCHS_STANDARD_32_BIT)";
				"CODE_SIGN_IDENTITY[sdk=iphoneos*]" = "iPhone Developer";
				GCC_C_LANGUAGE_STANDARD = gnu99;
				GCC_OPTIMIZATION_LEVEL = 0;
				GCC_PREPROCESSOR_DEFINITIONS = (
					DEBUG,
					"COCOS2D_DEBUG=1",
				);
				GCC_SYMBOLS_PRIVATE_EXTERN = NO;
				GCC_VERSION = com.apple.compilers.llvmgcc42;
				GCC_WARN_ABOUT_RETURN_TYPE = YES;
				GCC_WARN_UNUSED_VARIABLE = YES;
				IPHONEOS_DEPLOYMENT_TARGET = 4.3;
				SDKROOT = iphoneos;
			};
			name = Debug;
		};
		32B84D83141234F200B4BD02 /* Release */ = {
			isa = XCBuildConfiguration;
			buildSettings = {
				ARCHS = "$(ARCHS_STANDARD_32_BIT)";
				"CODE_SIGN_IDENTITY[sdk=iphoneos*]" = "iPhone Developer";
				GCC_C_LANGUAGE_STANDARD = gnu99;
				GCC_PREPROCESSOR_DEFINITIONS = NDEBUG;
				GCC_VERSION = com.apple.compilers.llvmgcc42;
				GCC_WARN_ABOUT_RETURN_TYPE = YES;
				GCC_WARN_UNUSED_VARIABLE = YES;
				IPHONEOS_DEPLOYMENT_TARGET = 4.3;
				OTHER_CFLAGS = "-DNS_BLOCK_ASSERTIONS=1";
				SDKROOT = iphoneos;
			};
			name = Release;
		};
		32B84D85141234F200B4BD02 /* Debug */ = {
			isa = XCBuildConfiguration;
			buildSettings = {
				ALWAYS_SEARCH_USER_PATHS = NO;
				COPY_PHASE_STRIP = NO;
				GCC_DYNAMIC_NO_PIC = NO;
				GCC_PRECOMPILE_PREFIX_HEADER = YES;
				GCC_PREFIX_HEADER = ParallaxNoxeEx4/Prefix.pch;
				"GCC_THUMB_SUPPORT[arch=armv6]" = "";
				INFOPLIST_FILE = ParallaxNoxeEx4/Resources/Info.plist;
				OTHER_LDFLAGS = "-lz";
				PRODUCT_NAME = "$(TARGET_NAME)";
				WRAPPER_EXTENSION = app;
			};
			name = Debug;
		};
		32B84D86141234F200B4BD02 /* Release */ = {
			isa = XCBuildConfiguration;
			buildSettings = {
				ALWAYS_SEARCH_USER_PATHS = NO;
				COPY_PHASE_STRIP = YES;
				GCC_PRECOMPILE_PREFIX_HEADER = YES;
				GCC_PREFIX_HEADER = ParallaxNoxeEx4/Prefix.pch;
				"GCC_THUMB_SUPPORT[arch=armv6]" = "";
				INFOPLIST_FILE = ParallaxNoxeEx4/Resources/Info.plist;
				OTHER_LDFLAGS = "-lz";
				PRODUCT_NAME = "$(TARGET_NAME)";
				VALIDATE_PRODUCT = YES;
				WRAPPER_EXTENSION = app;
			};
			name = Release;
		};
/* End XCBuildConfiguration section */

/* Begin XCConfigurationList section */
		32B84C0C141234EF00B4BD02 /* Build configuration list for PBXProject "ParallaxNoxeEx4" */ = {
			isa = XCConfigurationList;
			buildConfigurations = (
				32B84D82141234F200B4BD02 /* Debug */,
				32B84D83141234F200B4BD02 /* Release */,
			);
			defaultConfigurationIsVisible = 0;
			defaultConfigurationName = Release;
		};
		32B84D84141234F200B4BD02 /* Build configuration list for PBXNativeTarget "ParallaxNoxeEx4" */ = {
			isa = XCConfigurationList;
			buildConfigurations = (
				32B84D85141234F200B4BD02 /* Debug */,
				32B84D86141234F200B4BD02 /* Release */,
			);
			defaultConfigurationIsVisible = 0;
		};
/* End XCConfigurationList section */
	};
	rootObject = 32B84C09141234EF00B4BD02 /* Project object */;
}
